
Microsoft Visual Studio Solution File, Format Version 12.00
# Visual Studio 15
VisualStudioVersion = 15.0.26124.0
MinimumVisualStudioVersion = 15.0.26124.0
Project("{2150E333-8FDC-42A3-9474-1A3956D46DE8}") = "Shared", "Shared", "{FE85A38B-5258-4279-B9D6-D0B72504B5AC}"
EndProject
Project("{2150E333-8FDC-42A3-9474-1A3956D46DE8}") = "ThirdParty", "ThirdParty", "{21173800-0DAA-402A-B555-FC3F70F7F2E7}"
EndProject
Project("{FAE04EC0-301F-11D3-BF4B-00C04F79EFBC}") = "Google.Protobuf", "Shared\ThirdParty\Google.Protobuf\Google.Protobuf.csproj", "{DF9CE4CB-B0B1-4756-B334-E8E747F485BB}"
EndProject
Project("{2150E333-8FDC-42A3-9474-1A3956D46DE8}") = "Tests", "Tests", "{C1A7B432-2927-4A4C-830E-57EF3D1649D0}"
EndProject
Project("{2150E333-8FDC-42A3-9474-1A3956D46DE8}") = "Server", "Server", "{1E03849F-AA10-46A0-B675-A40227381DC0}"
EndProject
Project("{2150E333-8FDC-42A3-9474-1A3956D46DE8}") = "Client", "Client", "{4952AD27-FB05-4006-B424-97570E5002ED}"
EndProject
Project("{FAE04EC0-301F-11D3-BF4B-00C04F79EFBC}") = "Client.App", "Client\App\Client.App.csproj", "{52575F27-6371-4AC3-AB41-0C0D4F11B58C}"
EndProject
Project("{FAE04EC0-301F-11D3-BF4B-00C04F79EFBC}") = "Server.App", "Server\App\Server.App.csproj", "{8B3A761B-AB53-4D99-9718-4BEC9684E7C3}"
EndProject
Project("{2150E333-8FDC-42A3-9474-1A3956D46DE8}") = "Unity", "Unity", "{7B8171AF-DCAE-4218-A201-859849D78437}"
EndProject
Project("{FAE04EC0-301F-11D3-BF4B-00C04F79EFBC}") = "Assembly-CSharp", "Unity\Assembly-CSharp.csproj", "{CD8C9303-404B-FB8D-6B9B-21988D5CAC0A}"
EndProject
Project("{2150E333-8FDC-42A3-9474-1A3956D46DE8}") = "Tools", "Tools", "{F2D8144A-AE84-4237-87F1-DE8D95A74AF8}"
EndProject
Project("{FAE04EC0-301F-11D3-BF4B-00C04F79EFBC}") = "CodeGenerator", "Tools\CodeGenerator\CodeGenerator.csproj", "{504BDD85-9F71-4CF4-94F1-A15CEDD8DD2B}"
EndProject
Project("{FAE04EC0-301F-11D3-BF4B-00C04F79EFBC}") = "Entitas", "Shared\ThirdParty\Entitas\Entitas.csproj", "{FE909A07-B1BE-4A2C-8223-45DBE588946C}"
EndProject
Project("{FAE04EC0-301F-11D3-BF4B-00C04F79EFBC}") = "DesperateDevs", "Shared\ThirdParty\DesperateDevs\DesperateDevs.csproj", "{D35B6EF7-0163-4836-9A9B-06DABD621C3D}"
EndProject
Project("{FAE04EC0-301F-11D3-BF4B-00C04F79EFBC}") = "Entitas.CodeGeneration.Plugins", "Shared\ThirdParty\Entitas.CodeGeneration.Plugins\Entitas.CodeGeneration.Plugins.csproj", "{42449257-B29D-4BF3-9512-2B6A727A2EA8}"
EndProject
Project("{FAE04EC0-301F-11D3-BF4B-00C04F79EFBC}") = "Entitas.CodeGeneration.Attributes", "Shared\ThirdParty\Entitas.CodeGeneration.Attributes\Entitas.CodeGeneration.Attributes.csproj", "{5F749372-B724-4C12-ACCC-A8B20DD176B9}"
EndProject
Project("{FAE04EC0-301F-11D3-BF4B-00C04F79EFBC}") = "TestProject", "Tests\TestProject\TestProject.csproj", "{22605D9A-A42A-4BD8-B1E2-EC7A3B6CFC6C}"
EndProject
Project("{FAE04EC0-301F-11D3-BF4B-00C04F79EFBC}") = "TestFixtures", "Tests\TestFixtures\TestFixtures.csproj", "{49B6C8F1-A165-4D24-BFC6-5A33E0B509DD}"
EndProject
Project("{FAE04EC0-301F-11D3-BF4B-00C04F79EFBC}") = "Migration", "Shared\ThirdParty\Migration\Migration.csproj", "{F702861E-8707-44D8-879B-19AC19151947}"
EndProject
Global
	GlobalSection(SolutionConfigurationPlatforms) = preSolution
		Debug|Any CPU = Debug|Any CPU
		Debug|x64 = Debug|x64
		Debug|x86 = Debug|x86
		Release|Any CPU = Release|Any CPU
		Release|x64 = Release|x64
		Release|x86 = Release|x86
	EndGlobalSection
	GlobalSection(SolutionProperties) = preSolution
		HideSolutionNode = FALSE
	EndGlobalSection
	GlobalSection(NestedProjects) = preSolution
		{21173800-0DAA-402A-B555-FC3F70F7F2E7} = {FE85A38B-5258-4279-B9D6-D0B72504B5AC}
		{DF9CE4CB-B0B1-4756-B334-E8E747F485BB} = {21173800-0DAA-402A-B555-FC3F70F7F2E7}
		{52575F27-6371-4AC3-AB41-0C0D4F11B58C} = {4952AD27-FB05-4006-B424-97570E5002ED}
		{8B3A761B-AB53-4D99-9718-4BEC9684E7C3} = {1E03849F-AA10-46A0-B675-A40227381DC0}
		{CD8C9303-404B-FB8D-6B9B-21988D5CAC0A} = {7B8171AF-DCAE-4218-A201-859849D78437}
		{504BDD85-9F71-4CF4-94F1-A15CEDD8DD2B} = {F2D8144A-AE84-4237-87F1-DE8D95A74AF8}
		{FE909A07-B1BE-4A2C-8223-45DBE588946C} = {21173800-0DAA-402A-B555-FC3F70F7F2E7}
		{D35B6EF7-0163-4836-9A9B-06DABD621C3D} = {21173800-0DAA-402A-B555-FC3F70F7F2E7}
		{42449257-B29D-4BF3-9512-2B6A727A2EA8} = {21173800-0DAA-402A-B555-FC3F70F7F2E7}
		{5F749372-B724-4C12-ACCC-A8B20DD176B9} = {21173800-0DAA-402A-B555-FC3F70F7F2E7}
		{22605D9A-A42A-4BD8-B1E2-EC7A3B6CFC6C} = {C1A7B432-2927-4A4C-830E-57EF3D1649D0}
		{49B6C8F1-A165-4D24-BFC6-5A33E0B509DD} = {C1A7B432-2927-4A4C-830E-57EF3D1649D0}
		{F702861E-8707-44D8-879B-19AC19151947} = {21173800-0DAA-402A-B555-FC3F70F7F2E7}
	EndGlobalSection
	GlobalSection(ProjectConfigurationPlatforms) = postSolution
		{DF9CE4CB-B0B1-4756-B334-E8E747F485BB}.Debug|Any CPU.ActiveCfg = Debug|Any CPU
		{DF9CE4CB-B0B1-4756-B334-E8E747F485BB}.Debug|Any CPU.Build.0 = Debug|Any CPU
		{DF9CE4CB-B0B1-4756-B334-E8E747F485BB}.Debug|x64.ActiveCfg = Debug|Any CPU
		{DF9CE4CB-B0B1-4756-B334-E8E747F485BB}.Debug|x64.Build.0 = Debug|Any CPU
		{DF9CE4CB-B0B1-4756-B334-E8E747F485BB}.Debug|x86.ActiveCfg = Debug|Any CPU
		{DF9CE4CB-B0B1-4756-B334-E8E747F485BB}.Debug|x86.Build.0 = Debug|Any CPU
		{DF9CE4CB-B0B1-4756-B334-E8E747F485BB}.Release|Any CPU.ActiveCfg = Release|Any CPU
		{DF9CE4CB-B0B1-4756-B334-E8E747F485BB}.Release|Any CPU.Build.0 = Release|Any CPU
		{DF9CE4CB-B0B1-4756-B334-E8E747F485BB}.Release|x64.ActiveCfg = Release|Any CPU
		{DF9CE4CB-B0B1-4756-B334-E8E747F485BB}.Release|x64.Build.0 = Release|Any CPU
		{DF9CE4CB-B0B1-4756-B334-E8E747F485BB}.Release|x86.ActiveCfg = Release|Any CPU
		{DF9CE4CB-B0B1-4756-B334-E8E747F485BB}.Release|x86.Build.0 = Release|Any CPU
		{52575F27-6371-4AC3-AB41-0C0D4F11B58C}.Debug|Any CPU.ActiveCfg = Debug|Any CPU
		{52575F27-6371-4AC3-AB41-0C0D4F11B58C}.Debug|Any CPU.Build.0 = Debug|Any CPU
		{52575F27-6371-4AC3-AB41-0C0D4F11B58C}.Debug|x64.ActiveCfg = Debug|Any CPU
		{52575F27-6371-4AC3-AB41-0C0D4F11B58C}.Debug|x64.Build.0 = Debug|Any CPU
		{52575F27-6371-4AC3-AB41-0C0D4F11B58C}.Debug|x86.ActiveCfg = Debug|Any CPU
		{52575F27-6371-4AC3-AB41-0C0D4F11B58C}.Debug|x86.Build.0 = Debug|Any CPU
		{52575F27-6371-4AC3-AB41-0C0D4F11B58C}.Release|Any CPU.ActiveCfg = Release|Any CPU
		{52575F27-6371-4AC3-AB41-0C0D4F11B58C}.Release|Any CPU.Build.0 = Release|Any CPU
		{52575F27-6371-4AC3-AB41-0C0D4F11B58C}.Release|x64.ActiveCfg = Release|Any CPU
		{52575F27-6371-4AC3-AB41-0C0D4F11B58C}.Release|x64.Build.0 = Release|Any CPU
		{52575F27-6371-4AC3-AB41-0C0D4F11B58C}.Release|x86.ActiveCfg = Release|Any CPU
		{52575F27-6371-4AC3-AB41-0C0D4F11B58C}.Release|x86.Build.0 = Release|Any CPU
		{8B3A761B-AB53-4D99-9718-4BEC9684E7C3}.Debug|Any CPU.ActiveCfg = Debug|Any CPU
		{8B3A761B-AB53-4D99-9718-4BEC9684E7C3}.Debug|Any CPU.Build.0 = Debug|Any CPU
		{8B3A761B-AB53-4D99-9718-4BEC9684E7C3}.Debug|x64.ActiveCfg = Debug|Any CPU
		{8B3A761B-AB53-4D99-9718-4BEC9684E7C3}.Debug|x64.Build.0 = Debug|Any CPU
		{8B3A761B-AB53-4D99-9718-4BEC9684E7C3}.Debug|x86.ActiveCfg = Debug|Any CPU
		{8B3A761B-AB53-4D99-9718-4BEC9684E7C3}.Debug|x86.Build.0 = Debug|Any CPU
		{8B3A761B-AB53-4D99-9718-4BEC9684E7C3}.Release|Any CPU.ActiveCfg = Release|Any CPU
		{8B3A761B-AB53-4D99-9718-4BEC9684E7C3}.Release|Any CPU.Build.0 = Release|Any CPU
		{8B3A761B-AB53-4D99-9718-4BEC9684E7C3}.Release|x64.ActiveCfg = Release|Any CPU
		{8B3A761B-AB53-4D99-9718-4BEC9684E7C3}.Release|x64.Build.0 = Release|Any CPU
		{8B3A761B-AB53-4D99-9718-4BEC9684E7C3}.Release|x86.ActiveCfg = Release|Any CPU
		{8B3A761B-AB53-4D99-9718-4BEC9684E7C3}.Release|x86.Build.0 = Release|Any CPU
		{CD8C9303-404B-FB8D-6B9B-21988D5CAC0A}.Debug|Any CPU.ActiveCfg = Debug|Any CPU
		{CD8C9303-404B-FB8D-6B9B-21988D5CAC0A}.Debug|Any CPU.Build.0 = Debug|Any CPU
		{CD8C9303-404B-FB8D-6B9B-21988D5CAC0A}.Debug|x64.ActiveCfg = Debug|Any CPU
		{CD8C9303-404B-FB8D-6B9B-21988D5CAC0A}.Debug|x64.Build.0 = Debug|Any CPU
		{CD8C9303-404B-FB8D-6B9B-21988D5CAC0A}.Debug|x86.ActiveCfg = Debug|Any CPU
		{CD8C9303-404B-FB8D-6B9B-21988D5CAC0A}.Debug|x86.Build.0 = Debug|Any CPU
		{CD8C9303-404B-FB8D-6B9B-21988D5CAC0A}.Release|Any CPU.ActiveCfg = Release|Any CPU
		{CD8C9303-404B-FB8D-6B9B-21988D5CAC0A}.Release|Any CPU.Build.0 = Release|Any CPU
		{CD8C9303-404B-FB8D-6B9B-21988D5CAC0A}.Release|x64.ActiveCfg = Release|Any CPU
		{CD8C9303-404B-FB8D-6B9B-21988D5CAC0A}.Release|x64.Build.0 = Release|Any CPU
		{CD8C9303-404B-FB8D-6B9B-21988D5CAC0A}.Release|x86.ActiveCfg = Release|Any CPU
		{CD8C9303-404B-FB8D-6B9B-21988D5CAC0A}.Release|x86.Build.0 = Release|Any CPU
		{504BDD85-9F71-4CF4-94F1-A15CEDD8DD2B}.Debug|Any CPU.ActiveCfg = Debug|Any CPU
		{504BDD85-9F71-4CF4-94F1-A15CEDD8DD2B}.Debug|Any CPU.Build.0 = Debug|Any CPU
		{504BDD85-9F71-4CF4-94F1-A15CEDD8DD2B}.Debug|x64.ActiveCfg = Debug|Any CPU
		{504BDD85-9F71-4CF4-94F1-A15CEDD8DD2B}.Debug|x64.Build.0 = Debug|Any CPU
		{504BDD85-9F71-4CF4-94F1-A15CEDD8DD2B}.Debug|x86.ActiveCfg = Debug|Any CPU
		{504BDD85-9F71-4CF4-94F1-A15CEDD8DD2B}.Debug|x86.Build.0 = Debug|Any CPU
		{504BDD85-9F71-4CF4-94F1-A15CEDD8DD2B}.Release|Any CPU.ActiveCfg = Release|Any CPU
		{504BDD85-9F71-4CF4-94F1-A15CEDD8DD2B}.Release|Any CPU.Build.0 = Release|Any CPU
		{504BDD85-9F71-4CF4-94F1-A15CEDD8DD2B}.Release|x64.ActiveCfg = Release|Any CPU
		{504BDD85-9F71-4CF4-94F1-A15CEDD8DD2B}.Release|x64.Build.0 = Release|Any CPU
		{504BDD85-9F71-4CF4-94F1-A15CEDD8DD2B}.Release|x86.ActiveCfg = Release|Any CPU
		{504BDD85-9F71-4CF4-94F1-A15CEDD8DD2B}.Release|x86.Build.0 = Release|Any CPU
		{FE909A07-B1BE-4A2C-8223-45DBE588946C}.Debug|Any CPU.ActiveCfg = Debug|Any CPU
		{FE909A07-B1BE-4A2C-8223-45DBE588946C}.Debug|Any CPU.Build.0 = Debug|Any CPU
		{FE909A07-B1BE-4A2C-8223-45DBE588946C}.Debug|x64.ActiveCfg = Debug|Any CPU
		{FE909A07-B1BE-4A2C-8223-45DBE588946C}.Debug|x64.Build.0 = Debug|Any CPU
		{FE909A07-B1BE-4A2C-8223-45DBE588946C}.Debug|x86.ActiveCfg = Debug|Any CPU
		{FE909A07-B1BE-4A2C-8223-45DBE588946C}.Debug|x86.Build.0 = Debug|Any CPU
		{FE909A07-B1BE-4A2C-8223-45DBE588946C}.Release|Any CPU.ActiveCfg = Release|Any CPU
		{FE909A07-B1BE-4A2C-8223-45DBE588946C}.Release|Any CPU.Build.0 = Release|Any CPU
		{FE909A07-B1BE-4A2C-8223-45DBE588946C}.Release|x64.ActiveCfg = Release|Any CPU
		{FE909A07-B1BE-4A2C-8223-45DBE588946C}.Release|x64.Build.0 = Release|Any CPU
		{FE909A07-B1BE-4A2C-8223-45DBE588946C}.Release|x86.ActiveCfg = Release|Any CPU
		{FE909A07-B1BE-4A2C-8223-45DBE588946C}.Release|x86.Build.0 = Release|Any CPU
		{D35B6EF7-0163-4836-9A9B-06DABD621C3D}.Debug|Any CPU.ActiveCfg = Debug|Any CPU
		{D35B6EF7-0163-4836-9A9B-06DABD621C3D}.Debug|Any CPU.Build.0 = Debug|Any CPU
		{D35B6EF7-0163-4836-9A9B-06DABD621C3D}.Debug|x64.ActiveCfg = Debug|Any CPU
		{D35B6EF7-0163-4836-9A9B-06DABD621C3D}.Debug|x64.Build.0 = Debug|Any CPU
		{D35B6EF7-0163-4836-9A9B-06DABD621C3D}.Debug|x86.ActiveCfg = Debug|Any CPU
		{D35B6EF7-0163-4836-9A9B-06DABD621C3D}.Debug|x86.Build.0 = Debug|Any CPU
		{D35B6EF7-0163-4836-9A9B-06DABD621C3D}.Release|Any CPU.ActiveCfg = Release|Any CPU
		{D35B6EF7-0163-4836-9A9B-06DABD621C3D}.Release|Any CPU.Build.0 = Release|Any CPU
		{D35B6EF7-0163-4836-9A9B-06DABD621C3D}.Release|x64.ActiveCfg = Release|Any CPU
		{D35B6EF7-0163-4836-9A9B-06DABD621C3D}.Release|x64.Build.0 = Release|Any CPU
		{D35B6EF7-0163-4836-9A9B-06DABD621C3D}.Release|x86.ActiveCfg = Release|Any CPU
		{D35B6EF7-0163-4836-9A9B-06DABD621C3D}.Release|x86.Build.0 = Release|Any CPU
		{42449257-B29D-4BF3-9512-2B6A727A2EA8}.Debug|Any CPU.ActiveCfg = Debug|Any CPU
		{42449257-B29D-4BF3-9512-2B6A727A2EA8}.Debug|Any CPU.Build.0 = Debug|Any CPU
		{42449257-B29D-4BF3-9512-2B6A727A2EA8}.Debug|x64.ActiveCfg = Debug|Any CPU
		{42449257-B29D-4BF3-9512-2B6A727A2EA8}.Debug|x64.Build.0 = Debug|Any CPU
		{42449257-B29D-4BF3-9512-2B6A727A2EA8}.Debug|x86.ActiveCfg = Debug|Any CPU
		{42449257-B29D-4BF3-9512-2B6A727A2EA8}.Debug|x86.Build.0 = Debug|Any CPU
		{42449257-B29D-4BF3-9512-2B6A727A2EA8}.Release|Any CPU.ActiveCfg = Release|Any CPU
		{42449257-B29D-4BF3-9512-2B6A727A2EA8}.Release|Any CPU.Build.0 = Release|Any CPU
		{42449257-B29D-4BF3-9512-2B6A727A2EA8}.Release|x64.ActiveCfg = Release|Any CPU
		{42449257-B29D-4BF3-9512-2B6A727A2EA8}.Release|x64.Build.0 = Release|Any CPU
		{42449257-B29D-4BF3-9512-2B6A727A2EA8}.Release|x86.ActiveCfg = Release|Any CPU
		{42449257-B29D-4BF3-9512-2B6A727A2EA8}.Release|x86.Build.0 = Release|Any CPU
		{5F749372-B724-4C12-ACCC-A8B20DD176B9}.Debug|Any CPU.ActiveCfg = Debug|Any CPU
		{5F749372-B724-4C12-ACCC-A8B20DD176B9}.Debug|Any CPU.Build.0 = Debug|Any CPU
		{5F749372-B724-4C12-ACCC-A8B20DD176B9}.Debug|x64.ActiveCfg = Debug|Any CPU
		{5F749372-B724-4C12-ACCC-A8B20DD176B9}.Debug|x64.Build.0 = Debug|Any CPU
		{5F749372-B724-4C12-ACCC-A8B20DD176B9}.Debug|x86.ActiveCfg = Debug|Any CPU
		{5F749372-B724-4C12-ACCC-A8B20DD176B9}.Debug|x86.Build.0 = Debug|Any CPU
		{5F749372-B724-4C12-ACCC-A8B20DD176B9}.Release|Any CPU.ActiveCfg = Release|Any CPU
		{5F749372-B724-4C12-ACCC-A8B20DD176B9}.Release|Any CPU.Build.0 = Release|Any CPU
		{5F749372-B724-4C12-ACCC-A8B20DD176B9}.Release|x64.ActiveCfg = Release|Any CPU
		{5F749372-B724-4C12-ACCC-A8B20DD176B9}.Release|x64.Build.0 = Release|Any CPU
		{5F749372-B724-4C12-ACCC-A8B20DD176B9}.Release|x86.ActiveCfg = Release|Any CPU
		{5F749372-B724-4C12-ACCC-A8B20DD176B9}.Release|x86.Build.0 = Release|Any CPU
		{22605D9A-A42A-4BD8-B1E2-EC7A3B6CFC6C}.Debug|Any CPU.ActiveCfg = Debug|Any CPU
		{22605D9A-A42A-4BD8-B1E2-EC7A3B6CFC6C}.Debug|Any CPU.Build.0 = Debug|Any CPU
		{22605D9A-A42A-4BD8-B1E2-EC7A3B6CFC6C}.Debug|x64.ActiveCfg = Debug|Any CPU
		{22605D9A-A42A-4BD8-B1E2-EC7A3B6CFC6C}.Debug|x64.Build.0 = Debug|Any CPU
		{22605D9A-A42A-4BD8-B1E2-EC7A3B6CFC6C}.Debug|x86.ActiveCfg = Debug|Any CPU
		{22605D9A-A42A-4BD8-B1E2-EC7A3B6CFC6C}.Debug|x86.Build.0 = Debug|Any CPU
		{22605D9A-A42A-4BD8-B1E2-EC7A3B6CFC6C}.Release|Any CPU.ActiveCfg = Release|Any CPU
		{22605D9A-A42A-4BD8-B1E2-EC7A3B6CFC6C}.Release|Any CPU.Build.0 = Release|Any CPU
		{22605D9A-A42A-4BD8-B1E2-EC7A3B6CFC6C}.Release|x64.ActiveCfg = Release|Any CPU
		{22605D9A-A42A-4BD8-B1E2-EC7A3B6CFC6C}.Release|x64.Build.0 = Release|Any CPU
		{22605D9A-A42A-4BD8-B1E2-EC7A3B6CFC6C}.Release|x86.ActiveCfg = Release|Any CPU
		{22605D9A-A42A-4BD8-B1E2-EC7A3B6CFC6C}.Release|x86.Build.0 = Release|Any CPU
		{49B6C8F1-A165-4D24-BFC6-5A33E0B509DD}.Debug|Any CPU.ActiveCfg = Debug|Any CPU
		{49B6C8F1-A165-4D24-BFC6-5A33E0B509DD}.Debug|Any CPU.Build.0 = Debug|Any CPU
		{49B6C8F1-A165-4D24-BFC6-5A33E0B509DD}.Debug|x64.ActiveCfg = Debug|Any CPU
		{49B6C8F1-A165-4D24-BFC6-5A33E0B509DD}.Debug|x64.Build.0 = Debug|Any CPU
		{49B6C8F1-A165-4D24-BFC6-5A33E0B509DD}.Debug|x86.ActiveCfg = Debug|Any CPU
		{49B6C8F1-A165-4D24-BFC6-5A33E0B509DD}.Debug|x86.Build.0 = Debug|Any CPU
		{49B6C8F1-A165-4D24-BFC6-5A33E0B509DD}.Release|Any CPU.ActiveCfg = Release|Any CPU
		{49B6C8F1-A165-4D24-BFC6-5A33E0B509DD}.Release|Any CPU.Build.0 = Release|Any CPU
		{49B6C8F1-A165-4D24-BFC6-5A33E0B509DD}.Release|x64.ActiveCfg = Release|Any CPU
		{49B6C8F1-A165-4D24-BFC6-5A33E0B509DD}.Release|x64.Build.0 = Release|Any CPU
		{49B6C8F1-A165-4D24-BFC6-5A33E0B509DD}.Release|x86.ActiveCfg = Release|Any CPU
		{49B6C8F1-A165-4D24-BFC6-5A33E0B509DD}.Release|x86.Build.0 = Release|Any CPU
		{F702861E-8707-44D8-879B-19AC19151947}.Debug|Any CPU.ActiveCfg = Debug|Any CPU
		{F702861E-8707-44D8-879B-19AC19151947}.Debug|Any CPU.Build.0 = Debug|Any CPU
		{F702861E-8707-44D8-879B-19AC19151947}.Debug|x64.ActiveCfg = Debug|Any CPU
		{F702861E-8707-44D8-879B-19AC19151947}.Debug|x64.Build.0 = Debug|Any CPU
		{F702861E-8707-44D8-879B-19AC19151947}.Debug|x86.ActiveCfg = Debug|Any CPU
		{F702861E-8707-44D8-879B-19AC19151947}.Debug|x86.Build.0 = Debug|Any CPU
		{F702861E-8707-44D8-879B-19AC19151947}.Release|Any CPU.ActiveCfg = Release|Any CPU
		{F702861E-8707-44D8-879B-19AC19151947}.Release|Any CPU.Build.0 = Release|Any CPU
		{F702861E-8707-44D8-879B-19AC19151947}.Release|x64.ActiveCfg = Release|Any CPU
		{F702861E-8707-44D8-879B-19AC19151947}.Release|x64.Build.0 = Release|Any CPU
		{F702861E-8707-44D8-879B-19AC19151947}.Release|x86.ActiveCfg = Release|Any CPU
		{F702861E-8707-44D8-879B-19AC19151947}.Release|x86.Build.0 = Release|Any CPU
	EndGlobalSection
EndGlobal
