
Microsoft Visual Studio Solution File, Format Version 12.00
# Visual Studio Version 16
VisualStudioVersion = 16.0.29411.108
MinimumVisualStudioVersion = 15.0.26124.0
Project("{2150E333-8FDC-42A3-9474-1A3956D46DE8}") = "RdShared", "RdShared", "{FE85A38B-5258-4279-B9D6-D0B72504B5AC}"
EndProject
Project("{2150E333-8FDC-42A3-9474-1A3956D46DE8}") = "ThirdParty", "ThirdParty", "{21173800-0DAA-402A-B555-FC3F70F7F2E7}"
EndProject
Project("{2150E333-8FDC-42A3-9474-1A3956D46DE8}") = "UnitTests", "UnitTests", "{C1A7B432-2927-4A4C-830E-57EF3D1649D0}"
EndProject
Project("{2150E333-8FDC-42A3-9474-1A3956D46DE8}") = "RdServer", "RdServer", "{1E03849F-AA10-46A0-B675-A40227381DC0}"
EndProject
Project("{2150E333-8FDC-42A3-9474-1A3956D46DE8}") = "RdClient", "RdClient", "{4952AD27-FB05-4006-B424-97570E5002ED}"
EndProject
Project("{2150E333-8FDC-42A3-9474-1A3956D46DE8}") = "RdUnity", "RdUnity", "{7B8171AF-DCAE-4218-A201-859849D78437}"
EndProject
Project("{2150E333-8FDC-42A3-9474-1A3956D46DE8}") = "Tools", "Tools", "{F2D8144A-AE84-4237-87F1-DE8D95A74AF8}"
EndProject
Project("{9A19103F-16F7-4668-BE54-9A1E7A4F7556}") = "CodeGenerator", "Tools\CodeGenerator\CodeGenerator.csproj", "{504BDD85-9F71-4CF4-94F1-A15CEDD8DD2B}"
EndProject
Project("{2150E333-8FDC-42A3-9474-1A3956D46DE8}") = "Protobuf", "Protobuf", "{B43150EB-C14A-4189-909A-A35CB807480E}"
EndProject
Project("{2150E333-8FDC-42A3-9474-1A3956D46DE8}") = "RdFixtures", "RdFixtures", "{CEB6FF8C-38B4-43CF-9A78-607212519815}"
EndProject
Project("{2150E333-8FDC-42A3-9474-1A3956D46DE8}") = "Entitas", "Entitas", "{2114F3E9-8608-41FB-87CF-584D9B5FA852}"
EndProject
Project("{9A19103F-16F7-4668-BE54-9A1E7A4F7556}") = "Google.Protobuf", "ThirdParty\Protobuf\Google.Protobuf\Google.Protobuf.csproj", "{6F15848C-472C-4B5B-8957-C0CC4CFA54E7}"
EndProject
Project("{9A19103F-16F7-4668-BE54-9A1E7A4F7556}") = "TestComponents", "UnitTests\TestComponents\TestComponents.csproj", "{6A2B5287-4DB0-48C9-912C-A471EAFF2038}"
EndProject
Project("{9A19103F-16F7-4668-BE54-9A1E7A4F7556}") = "TestFixtures", "UnitTests\TestFixtures\TestFixtures.csproj", "{A49493B4-DBF7-490D-AEA3-611B20486BA9}"
EndProject
Project("{9A19103F-16F7-4668-BE54-9A1E7A4F7556}") = "UnitTestProject", "UnitTests\UnitTestProject\UnitTestProject.csproj", "{8BDAD75A-AD49-44A0-98D5-4722AAAC46D5}"
EndProject
Project("{2150E333-8FDC-42A3-9474-1A3956D46DE8}") = "Addons", "Addons", "{4F1F63AE-540C-4C8C-B8E6-19824A0D1FE4}"
EndProject
Project("{2150E333-8FDC-42A3-9474-1A3956D46DE8}") = "CodeGeneration", "CodeGeneration", "{890EE5F8-8045-44C7-A453-DC1FD5CE11B9}"
EndProject
Project("{2150E333-8FDC-42A3-9474-1A3956D46DE8}") = "Unity", "Unity", "{7F7AB46B-A69E-4272-B213-B633957249CE}"
EndProject
Project("{2150E333-8FDC-42A3-9474-1A3956D46DE8}") = "VisualDebugging", "VisualDebugging", "{CC4D5018-AE8A-44CD-B096-23D71C94B674}"
EndProject
Project("{2150E333-8FDC-42A3-9474-1A3956D46DE8}") = "Migration", "Migration", "{25CA9BA0-DA00-4FCA-BBE7-04F4AE1A2A3D}"
EndProject
Project("{9A19103F-16F7-4668-BE54-9A1E7A4F7556}") = "Rendu.CodeGeneration.Plugins", "Addons\CodeGeneration\Rendu.CodeGeneration.Plugins\Rendu.CodeGeneration.Plugins.csproj", "{7442F019-FEB9-46D7-BBD5-C3F824072947}"
EndProject
Project("{9A19103F-16F7-4668-BE54-9A1E7A4F7556}") = "Rendu.CodeGeneration.Unity.Plugins", "Addons\CodeGeneration\Rendu.CodeGeneration.Unity.Plugins\Rendu.CodeGeneration.Unity.Plugins.csproj", "{AE26FCA3-6A07-4221-AC5F-54420846FA87}"
EndProject
Project("{9A19103F-16F7-4668-BE54-9A1E7A4F7556}") = "Rendu.Unity.Editor", "Addons\Unity\Rendu.Unity.Editor\Rendu.Unity.Editor.csproj", "{AB0AE5F0-097C-443E-B72D-907DC8D6B0F0}"
EndProject
Project("{9A19103F-16F7-4668-BE54-9A1E7A4F7556}") = "Rendu.Entitas.Unity.Editor", "Addons\Unity\Rendu.Entitas.Unity.Editor\Rendu.Entitas.Unity.Editor.csproj", "{4B0B030D-955D-4FC9-8553-60513551D535}"
EndProject
Project("{9A19103F-16F7-4668-BE54-9A1E7A4F7556}") = "Rendu.Entitas.Unity", "Addons\Unity\Rendu.Entitas.Unity\Rendu.Entitas.Unity.csproj", "{A3C88326-C1AA-43EA-89D3-1D4020830BDA}"
EndProject
Project("{9A19103F-16F7-4668-BE54-9A1E7A4F7556}") = "Rendu.VisualDebugging.CodeGeneration.Plugins", "Addons\VisualDebugging\Rendu.VisualDebugging.CodeGeneration.Plugins\Rendu.VisualDebugging.CodeGeneration.Plugins.csproj", "{60336BAF-89C9-4D0C-B563-F8E7398D55CC}"
EndProject
Project("{9A19103F-16F7-4668-BE54-9A1E7A4F7556}") = "Rendu.VisualDebugging.Unity.Editor", "Addons\VisualDebugging\Rendu.VisualDebugging.Unity.Editor\Rendu.VisualDebugging.Unity.Editor.csproj", "{431DC98C-46B2-407E-9012-13D8587947F1}"
EndProject
Project("{9A19103F-16F7-4668-BE54-9A1E7A4F7556}") = "Rendu.VisualDebugging.Unity", "Addons\VisualDebugging\Rendu.VisualDebugging.Unity\Rendu.VisualDebugging.Unity.csproj", "{95BED520-900E-4FCF-AB77-BAC311388A2A}"
EndProject
Project("{9A19103F-16F7-4668-BE54-9A1E7A4F7556}") = "Rd.Analytics", "RdFixtures\Analytics\Rd.Analytics.csproj", "{80501A0F-496B-4B88-A139-8510D02790EE}"
EndProject
Project("{9A19103F-16F7-4668-BE54-9A1E7A4F7556}") = "Rd.Logging", "RdFixtures\Logging\Rd.Logging.csproj", "{A5171E7F-1510-47C9-A22E-64118004FA36}"
EndProject
Project("{9A19103F-16F7-4668-BE54-9A1E7A4F7556}") = "Rd.Networking", "RdFixtures\Networking\Rd.Networking.csproj", "{4CEC6F98-BF30-4F23-BF00-8B6A94ABFDD5}"
EndProject
Project("{9A19103F-16F7-4668-BE54-9A1E7A4F7556}") = "Rd.Utils", "RdFixtures\Utils\Rd.Utils.csproj", "{87C649B3-585F-4F60-A8CA-96BD0669ADFE}"
EndProject
Project("{9A19103F-16F7-4668-BE54-9A1E7A4F7556}") = "Rd.Serialization", "RdFixtures\Serialization\Rd.Serialization.csproj", "{41D089B0-3748-47A2-8113-7E7FFAFB4D9C}"
EndProject
Project("{9A19103F-16F7-4668-BE54-9A1E7A4F7556}") = "Entitas.Attributes", "ThirdParty\Entitas\Attributes\Entitas.Attributes.csproj", "{28845365-F899-405B-A046-291B6598A45F}"
EndProject
Project("{9A19103F-16F7-4668-BE54-9A1E7A4F7556}") = "Entitas", "ThirdParty\Entitas\Entitas\Entitas.csproj", "{18D42B55-D3E8-4483-8A19-6EB09F83AA79}"
EndProject
Project("{2150E333-8FDC-42A3-9474-1A3956D46DE8}") = "CodeGeneration", "CodeGeneration", "{4FA88DFE-42E1-4B99-9CD2-500AB03CFFA1}"
EndProject
Project("{9A19103F-16F7-4668-BE54-9A1E7A4F7556}") = "Rd.CodeGeneration", "RdFixtures\CodeGeneration\CodeGeneration\Rd.CodeGeneration.csproj", "{94280260-24EC-404C-8A09-50586F0B7368}"
EndProject
Project("{9A19103F-16F7-4668-BE54-9A1E7A4F7556}") = "Rd.CodeGenerator", "RdFixtures\CodeGeneration\CodeGenerator\Rd.CodeGenerator.csproj", "{2ED92ADC-D2E3-4A41-A86C-D48A44443ED1}"
EndProject
Project("{9A19103F-16F7-4668-BE54-9A1E7A4F7556}") = "Rd.Plugins", "RdFixtures\CodeGeneration\Plugins\Rd.Plugins.csproj", "{407B7BD2-178C-40C1-B470-8C68D092AB35}"
EndProject
Project("{9A19103F-16F7-4668-BE54-9A1E7A4F7556}") = "Rd.Migration", "RdFixtures\CodeGeneration\Migration\Rd.Migration.csproj", "{CB479379-472A-4F3C-81AF-2022F300A2E9}"
EndProject
Project("{9A19103F-16F7-4668-BE54-9A1E7A4F7556}") = "Rendu.Migration.Unity.Editor", "Addons\Migration\Rendu.Migration.Unity.Editor\Rendu.Migration.Unity.Editor.csproj", "{41AB7588-9811-40AC-B71D-BF783B9BBC67}"
EndProject
Project("{9A19103F-16F7-4668-BE54-9A1E7A4F7556}") = "Rendu.CodeGeneration.Unity.Editor", "Addons\CodeGeneration\Rendu.CodeGeneration.Unity.Editor\Rendu.CodeGeneration.Unity.Editor.csproj", "{C2672FAA-0DB2-4E8F-8F50-071BE6B63F42}"
EndProject
Project("{2150E333-8FDC-42A3-9474-1A3956D46DE8}") = "RDVSIX", "RDVSIX", "{51BF8B1F-6BEF-4657-97D6-C8F813FA07AE}"
EndProject
Project("{FAE04EC0-301F-11D3-BF4B-00C04F79EFBC}") = "RDVSIX", "Addons\RDVSIX\RDVSIX.csproj", "{6F5599DC-B014-4128-933F-CCE65456139E}"
EndProject
Project("{FAE04EC0-301F-11D3-BF4B-00C04F79EFBC}") = "Rd.CodeFileGeneration", "RdFixtures\CodeFileGeneration\Rd.CodeFileGeneration.csproj", "{5A4DEAD6-604B-4239-B165-E2C390C61CB7}"
EndProject
Project("{FAE04EC0-301F-11D3-BF4B-00C04F79EFBC}") = "Components", "RdShared\Components\Components.csproj", "{6ED5ACD7-787C-402E-A495-0406C7A88F82}"
EndProject
Project("{FAE04EC0-301F-11D3-BF4B-00C04F79EFBC}") = "Systems", "RdShared\Systems\Systems.csproj", "{83FE8AE1-063E-4AA7-91A7-D3357F06ECFA}"
EndProject
Project("{FAE04EC0-301F-11D3-BF4B-00C04F79EFBC}") = "Generated", "RdShared\Generated\Generated.csproj", "{1194EA4E-1D42-4531-AD59-6DBCE00619FC}"
EndProject
Global
	GlobalSection(SolutionConfigurationPlatforms) = preSolution
		Debug|Any CPU = Debug|Any CPU
		Debug|x64 = Debug|x64
		Debug|x86 = Debug|x86
		Release|Any CPU = Release|Any CPU
		Release|x64 = Release|x64
		Release|x86 = Release|x86
	EndGlobalSection
	GlobalSection(ProjectConfigurationPlatforms) = postSolution
		{504BDD85-9F71-4CF4-94F1-A15CEDD8DD2B}.Debug|Any CPU.ActiveCfg = Debug|Any CPU
		{504BDD85-9F71-4CF4-94F1-A15CEDD8DD2B}.Debug|Any CPU.Build.0 = Debug|Any CPU
		{504BDD85-9F71-4CF4-94F1-A15CEDD8DD2B}.Debug|x64.ActiveCfg = Debug|Any CPU
		{504BDD85-9F71-4CF4-94F1-A15CEDD8DD2B}.Debug|x64.Build.0 = Debug|Any CPU
		{504BDD85-9F71-4CF4-94F1-A15CEDD8DD2B}.Debug|x86.ActiveCfg = Debug|Any CPU
		{504BDD85-9F71-4CF4-94F1-A15CEDD8DD2B}.Debug|x86.Build.0 = Debug|Any CPU
		{504BDD85-9F71-4CF4-94F1-A15CEDD8DD2B}.Release|Any CPU.ActiveCfg = Release|Any CPU
		{504BDD85-9F71-4CF4-94F1-A15CEDD8DD2B}.Release|Any CPU.Build.0 = Release|Any CPU
		{504BDD85-9F71-4CF4-94F1-A15CEDD8DD2B}.Release|x64.ActiveCfg = Release|Any CPU
		{504BDD85-9F71-4CF4-94F1-A15CEDD8DD2B}.Release|x64.Build.0 = Release|Any CPU
		{504BDD85-9F71-4CF4-94F1-A15CEDD8DD2B}.Release|x86.ActiveCfg = Release|Any CPU
		{504BDD85-9F71-4CF4-94F1-A15CEDD8DD2B}.Release|x86.Build.0 = Release|Any CPU
		{6F15848C-472C-4B5B-8957-C0CC4CFA54E7}.Debug|Any CPU.ActiveCfg = Debug|Any CPU
		{6F15848C-472C-4B5B-8957-C0CC4CFA54E7}.Debug|Any CPU.Build.0 = Debug|Any CPU
		{6F15848C-472C-4B5B-8957-C0CC4CFA54E7}.Debug|x64.ActiveCfg = Debug|Any CPU
		{6F15848C-472C-4B5B-8957-C0CC4CFA54E7}.Debug|x64.Build.0 = Debug|Any CPU
		{6F15848C-472C-4B5B-8957-C0CC4CFA54E7}.Debug|x86.ActiveCfg = Debug|Any CPU
		{6F15848C-472C-4B5B-8957-C0CC4CFA54E7}.Debug|x86.Build.0 = Debug|Any CPU
		{6F15848C-472C-4B5B-8957-C0CC4CFA54E7}.Release|Any CPU.ActiveCfg = Release|Any CPU
		{6F15848C-472C-4B5B-8957-C0CC4CFA54E7}.Release|Any CPU.Build.0 = Release|Any CPU
		{6F15848C-472C-4B5B-8957-C0CC4CFA54E7}.Release|x64.ActiveCfg = Release|Any CPU
		{6F15848C-472C-4B5B-8957-C0CC4CFA54E7}.Release|x64.Build.0 = Release|Any CPU
		{6F15848C-472C-4B5B-8957-C0CC4CFA54E7}.Release|x86.ActiveCfg = Release|Any CPU
		{6F15848C-472C-4B5B-8957-C0CC4CFA54E7}.Release|x86.Build.0 = Release|Any CPU
		{6A2B5287-4DB0-48C9-912C-A471EAFF2038}.Debug|Any CPU.ActiveCfg = Debug|Any CPU
		{6A2B5287-4DB0-48C9-912C-A471EAFF2038}.Debug|Any CPU.Build.0 = Debug|Any CPU
		{6A2B5287-4DB0-48C9-912C-A471EAFF2038}.Debug|x64.ActiveCfg = Debug|Any CPU
		{6A2B5287-4DB0-48C9-912C-A471EAFF2038}.Debug|x64.Build.0 = Debug|Any CPU
		{6A2B5287-4DB0-48C9-912C-A471EAFF2038}.Debug|x86.ActiveCfg = Debug|Any CPU
		{6A2B5287-4DB0-48C9-912C-A471EAFF2038}.Debug|x86.Build.0 = Debug|Any CPU
		{6A2B5287-4DB0-48C9-912C-A471EAFF2038}.Release|Any CPU.ActiveCfg = Release|Any CPU
		{6A2B5287-4DB0-48C9-912C-A471EAFF2038}.Release|Any CPU.Build.0 = Release|Any CPU
		{6A2B5287-4DB0-48C9-912C-A471EAFF2038}.Release|x64.ActiveCfg = Release|Any CPU
		{6A2B5287-4DB0-48C9-912C-A471EAFF2038}.Release|x64.Build.0 = Release|Any CPU
		{6A2B5287-4DB0-48C9-912C-A471EAFF2038}.Release|x86.ActiveCfg = Release|Any CPU
		{6A2B5287-4DB0-48C9-912C-A471EAFF2038}.Release|x86.Build.0 = Release|Any CPU
		{A49493B4-DBF7-490D-AEA3-611B20486BA9}.Debug|Any CPU.ActiveCfg = Debug|Any CPU
		{A49493B4-DBF7-490D-AEA3-611B20486BA9}.Debug|Any CPU.Build.0 = Debug|Any CPU
		{A49493B4-DBF7-490D-AEA3-611B20486BA9}.Debug|x64.ActiveCfg = Debug|Any CPU
		{A49493B4-DBF7-490D-AEA3-611B20486BA9}.Debug|x64.Build.0 = Debug|Any CPU
		{A49493B4-DBF7-490D-AEA3-611B20486BA9}.Debug|x86.ActiveCfg = Debug|Any CPU
		{A49493B4-DBF7-490D-AEA3-611B20486BA9}.Debug|x86.Build.0 = Debug|Any CPU
		{A49493B4-DBF7-490D-AEA3-611B20486BA9}.Release|Any CPU.ActiveCfg = Release|Any CPU
		{A49493B4-DBF7-490D-AEA3-611B20486BA9}.Release|Any CPU.Build.0 = Release|Any CPU
		{A49493B4-DBF7-490D-AEA3-611B20486BA9}.Release|x64.ActiveCfg = Release|Any CPU
		{A49493B4-DBF7-490D-AEA3-611B20486BA9}.Release|x64.Build.0 = Release|Any CPU
		{A49493B4-DBF7-490D-AEA3-611B20486BA9}.Release|x86.ActiveCfg = Release|Any CPU
		{A49493B4-DBF7-490D-AEA3-611B20486BA9}.Release|x86.Build.0 = Release|Any CPU
		{8BDAD75A-AD49-44A0-98D5-4722AAAC46D5}.Debug|Any CPU.ActiveCfg = Debug|Any CPU
		{8BDAD75A-AD49-44A0-98D5-4722AAAC46D5}.Debug|Any CPU.Build.0 = Debug|Any CPU
		{8BDAD75A-AD49-44A0-98D5-4722AAAC46D5}.Debug|x64.ActiveCfg = Debug|Any CPU
		{8BDAD75A-AD49-44A0-98D5-4722AAAC46D5}.Debug|x64.Build.0 = Debug|Any CPU
		{8BDAD75A-AD49-44A0-98D5-4722AAAC46D5}.Debug|x86.ActiveCfg = Debug|Any CPU
		{8BDAD75A-AD49-44A0-98D5-4722AAAC46D5}.Debug|x86.Build.0 = Debug|Any CPU
		{8BDAD75A-AD49-44A0-98D5-4722AAAC46D5}.Release|Any CPU.ActiveCfg = Release|Any CPU
		{8BDAD75A-AD49-44A0-98D5-4722AAAC46D5}.Release|Any CPU.Build.0 = Release|Any CPU
		{8BDAD75A-AD49-44A0-98D5-4722AAAC46D5}.Release|x64.ActiveCfg = Release|Any CPU
		{8BDAD75A-AD49-44A0-98D5-4722AAAC46D5}.Release|x64.Build.0 = Release|Any CPU
		{8BDAD75A-AD49-44A0-98D5-4722AAAC46D5}.Release|x86.ActiveCfg = Release|Any CPU
		{8BDAD75A-AD49-44A0-98D5-4722AAAC46D5}.Release|x86.Build.0 = Release|Any CPU
		{7442F019-FEB9-46D7-BBD5-C3F824072947}.Debug|Any CPU.ActiveCfg = Debug|Any CPU
		{7442F019-FEB9-46D7-BBD5-C3F824072947}.Debug|Any CPU.Build.0 = Debug|Any CPU
		{7442F019-FEB9-46D7-BBD5-C3F824072947}.Debug|x64.ActiveCfg = Debug|Any CPU
		{7442F019-FEB9-46D7-BBD5-C3F824072947}.Debug|x64.Build.0 = Debug|Any CPU
		{7442F019-FEB9-46D7-BBD5-C3F824072947}.Debug|x86.ActiveCfg = Debug|Any CPU
		{7442F019-FEB9-46D7-BBD5-C3F824072947}.Debug|x86.Build.0 = Debug|Any CPU
		{7442F019-FEB9-46D7-BBD5-C3F824072947}.Release|Any CPU.ActiveCfg = Release|Any CPU
		{7442F019-FEB9-46D7-BBD5-C3F824072947}.Release|Any CPU.Build.0 = Release|Any CPU
		{7442F019-FEB9-46D7-BBD5-C3F824072947}.Release|x64.ActiveCfg = Release|Any CPU
		{7442F019-FEB9-46D7-BBD5-C3F824072947}.Release|x64.Build.0 = Release|Any CPU
		{7442F019-FEB9-46D7-BBD5-C3F824072947}.Release|x86.ActiveCfg = Release|Any CPU
		{7442F019-FEB9-46D7-BBD5-C3F824072947}.Release|x86.Build.0 = Release|Any CPU
		{AE26FCA3-6A07-4221-AC5F-54420846FA87}.Debug|Any CPU.ActiveCfg = Debug|Any CPU
		{AE26FCA3-6A07-4221-AC5F-54420846FA87}.Debug|Any CPU.Build.0 = Debug|Any CPU
		{AE26FCA3-6A07-4221-AC5F-54420846FA87}.Debug|x64.ActiveCfg = Debug|Any CPU
		{AE26FCA3-6A07-4221-AC5F-54420846FA87}.Debug|x64.Build.0 = Debug|Any CPU
		{AE26FCA3-6A07-4221-AC5F-54420846FA87}.Debug|x86.ActiveCfg = Debug|Any CPU
		{AE26FCA3-6A07-4221-AC5F-54420846FA87}.Debug|x86.Build.0 = Debug|Any CPU
		{AE26FCA3-6A07-4221-AC5F-54420846FA87}.Release|Any CPU.ActiveCfg = Release|Any CPU
		{AE26FCA3-6A07-4221-AC5F-54420846FA87}.Release|Any CPU.Build.0 = Release|Any CPU
		{AE26FCA3-6A07-4221-AC5F-54420846FA87}.Release|x64.ActiveCfg = Release|Any CPU
		{AE26FCA3-6A07-4221-AC5F-54420846FA87}.Release|x64.Build.0 = Release|Any CPU
		{AE26FCA3-6A07-4221-AC5F-54420846FA87}.Release|x86.ActiveCfg = Release|Any CPU
		{AE26FCA3-6A07-4221-AC5F-54420846FA87}.Release|x86.Build.0 = Release|Any CPU
		{AB0AE5F0-097C-443E-B72D-907DC8D6B0F0}.Debug|Any CPU.ActiveCfg = Debug|Any CPU
		{AB0AE5F0-097C-443E-B72D-907DC8D6B0F0}.Debug|Any CPU.Build.0 = Debug|Any CPU
		{AB0AE5F0-097C-443E-B72D-907DC8D6B0F0}.Debug|x64.ActiveCfg = Debug|Any CPU
		{AB0AE5F0-097C-443E-B72D-907DC8D6B0F0}.Debug|x64.Build.0 = Debug|Any CPU
		{AB0AE5F0-097C-443E-B72D-907DC8D6B0F0}.Debug|x86.ActiveCfg = Debug|Any CPU
		{AB0AE5F0-097C-443E-B72D-907DC8D6B0F0}.Debug|x86.Build.0 = Debug|Any CPU
		{AB0AE5F0-097C-443E-B72D-907DC8D6B0F0}.Release|Any CPU.ActiveCfg = Release|Any CPU
		{AB0AE5F0-097C-443E-B72D-907DC8D6B0F0}.Release|Any CPU.Build.0 = Release|Any CPU
		{AB0AE5F0-097C-443E-B72D-907DC8D6B0F0}.Release|x64.ActiveCfg = Release|Any CPU
		{AB0AE5F0-097C-443E-B72D-907DC8D6B0F0}.Release|x64.Build.0 = Release|Any CPU
		{AB0AE5F0-097C-443E-B72D-907DC8D6B0F0}.Release|x86.ActiveCfg = Release|Any CPU
		{AB0AE5F0-097C-443E-B72D-907DC8D6B0F0}.Release|x86.Build.0 = Release|Any CPU
		{4B0B030D-955D-4FC9-8553-60513551D535}.Debug|Any CPU.ActiveCfg = Debug|Any CPU
		{4B0B030D-955D-4FC9-8553-60513551D535}.Debug|Any CPU.Build.0 = Debug|Any CPU
		{4B0B030D-955D-4FC9-8553-60513551D535}.Debug|x64.ActiveCfg = Debug|Any CPU
		{4B0B030D-955D-4FC9-8553-60513551D535}.Debug|x64.Build.0 = Debug|Any CPU
		{4B0B030D-955D-4FC9-8553-60513551D535}.Debug|x86.ActiveCfg = Debug|Any CPU
		{4B0B030D-955D-4FC9-8553-60513551D535}.Debug|x86.Build.0 = Debug|Any CPU
		{4B0B030D-955D-4FC9-8553-60513551D535}.Release|Any CPU.ActiveCfg = Release|Any CPU
		{4B0B030D-955D-4FC9-8553-60513551D535}.Release|Any CPU.Build.0 = Release|Any CPU
		{4B0B030D-955D-4FC9-8553-60513551D535}.Release|x64.ActiveCfg = Release|Any CPU
		{4B0B030D-955D-4FC9-8553-60513551D535}.Release|x64.Build.0 = Release|Any CPU
		{4B0B030D-955D-4FC9-8553-60513551D535}.Release|x86.ActiveCfg = Release|Any CPU
		{4B0B030D-955D-4FC9-8553-60513551D535}.Release|x86.Build.0 = Release|Any CPU
		{A3C88326-C1AA-43EA-89D3-1D4020830BDA}.Debug|Any CPU.ActiveCfg = Debug|Any CPU
		{A3C88326-C1AA-43EA-89D3-1D4020830BDA}.Debug|Any CPU.Build.0 = Debug|Any CPU
		{A3C88326-C1AA-43EA-89D3-1D4020830BDA}.Debug|x64.ActiveCfg = Debug|Any CPU
		{A3C88326-C1AA-43EA-89D3-1D4020830BDA}.Debug|x64.Build.0 = Debug|Any CPU
		{A3C88326-C1AA-43EA-89D3-1D4020830BDA}.Debug|x86.ActiveCfg = Debug|Any CPU
		{A3C88326-C1AA-43EA-89D3-1D4020830BDA}.Debug|x86.Build.0 = Debug|Any CPU
		{A3C88326-C1AA-43EA-89D3-1D4020830BDA}.Release|Any CPU.ActiveCfg = Release|Any CPU
		{A3C88326-C1AA-43EA-89D3-1D4020830BDA}.Release|Any CPU.Build.0 = Release|Any CPU
		{A3C88326-C1AA-43EA-89D3-1D4020830BDA}.Release|x64.ActiveCfg = Release|Any CPU
		{A3C88326-C1AA-43EA-89D3-1D4020830BDA}.Release|x64.Build.0 = Release|Any CPU
		{A3C88326-C1AA-43EA-89D3-1D4020830BDA}.Release|x86.ActiveCfg = Release|Any CPU
		{A3C88326-C1AA-43EA-89D3-1D4020830BDA}.Release|x86.Build.0 = Release|Any CPU
		{60336BAF-89C9-4D0C-B563-F8E7398D55CC}.Debug|Any CPU.ActiveCfg = Debug|Any CPU
		{60336BAF-89C9-4D0C-B563-F8E7398D55CC}.Debug|Any CPU.Build.0 = Debug|Any CPU
		{60336BAF-89C9-4D0C-B563-F8E7398D55CC}.Debug|x64.ActiveCfg = Debug|Any CPU
		{60336BAF-89C9-4D0C-B563-F8E7398D55CC}.Debug|x64.Build.0 = Debug|Any CPU
		{60336BAF-89C9-4D0C-B563-F8E7398D55CC}.Debug|x86.ActiveCfg = Debug|Any CPU
		{60336BAF-89C9-4D0C-B563-F8E7398D55CC}.Debug|x86.Build.0 = Debug|Any CPU
		{60336BAF-89C9-4D0C-B563-F8E7398D55CC}.Release|Any CPU.ActiveCfg = Release|Any CPU
		{60336BAF-89C9-4D0C-B563-F8E7398D55CC}.Release|Any CPU.Build.0 = Release|Any CPU
		{60336BAF-89C9-4D0C-B563-F8E7398D55CC}.Release|x64.ActiveCfg = Release|Any CPU
		{60336BAF-89C9-4D0C-B563-F8E7398D55CC}.Release|x64.Build.0 = Release|Any CPU
		{60336BAF-89C9-4D0C-B563-F8E7398D55CC}.Release|x86.ActiveCfg = Release|Any CPU
		{60336BAF-89C9-4D0C-B563-F8E7398D55CC}.Release|x86.Build.0 = Release|Any CPU
		{431DC98C-46B2-407E-9012-13D8587947F1}.Debug|Any CPU.ActiveCfg = Debug|Any CPU
		{431DC98C-46B2-407E-9012-13D8587947F1}.Debug|Any CPU.Build.0 = Debug|Any CPU
		{431DC98C-46B2-407E-9012-13D8587947F1}.Debug|x64.ActiveCfg = Debug|Any CPU
		{431DC98C-46B2-407E-9012-13D8587947F1}.Debug|x64.Build.0 = Debug|Any CPU
		{431DC98C-46B2-407E-9012-13D8587947F1}.Debug|x86.ActiveCfg = Debug|Any CPU
		{431DC98C-46B2-407E-9012-13D8587947F1}.Debug|x86.Build.0 = Debug|Any CPU
		{431DC98C-46B2-407E-9012-13D8587947F1}.Release|Any CPU.ActiveCfg = Release|Any CPU
		{431DC98C-46B2-407E-9012-13D8587947F1}.Release|Any CPU.Build.0 = Release|Any CPU
		{431DC98C-46B2-407E-9012-13D8587947F1}.Release|x64.ActiveCfg = Release|Any CPU
		{431DC98C-46B2-407E-9012-13D8587947F1}.Release|x64.Build.0 = Release|Any CPU
		{431DC98C-46B2-407E-9012-13D8587947F1}.Release|x86.ActiveCfg = Release|Any CPU
		{431DC98C-46B2-407E-9012-13D8587947F1}.Release|x86.Build.0 = Release|Any CPU
		{95BED520-900E-4FCF-AB77-BAC311388A2A}.Debug|Any CPU.ActiveCfg = Debug|Any CPU
		{95BED520-900E-4FCF-AB77-BAC311388A2A}.Debug|Any CPU.Build.0 = Debug|Any CPU
		{95BED520-900E-4FCF-AB77-BAC311388A2A}.Debug|x64.ActiveCfg = Debug|Any CPU
		{95BED520-900E-4FCF-AB77-BAC311388A2A}.Debug|x64.Build.0 = Debug|Any CPU
		{95BED520-900E-4FCF-AB77-BAC311388A2A}.Debug|x86.ActiveCfg = Debug|Any CPU
		{95BED520-900E-4FCF-AB77-BAC311388A2A}.Debug|x86.Build.0 = Debug|Any CPU
		{95BED520-900E-4FCF-AB77-BAC311388A2A}.Release|Any CPU.ActiveCfg = Release|Any CPU
		{95BED520-900E-4FCF-AB77-BAC311388A2A}.Release|Any CPU.Build.0 = Release|Any CPU
		{95BED520-900E-4FCF-AB77-BAC311388A2A}.Release|x64.ActiveCfg = Release|Any CPU
		{95BED520-900E-4FCF-AB77-BAC311388A2A}.Release|x64.Build.0 = Release|Any CPU
		{95BED520-900E-4FCF-AB77-BAC311388A2A}.Release|x86.ActiveCfg = Release|Any CPU
		{95BED520-900E-4FCF-AB77-BAC311388A2A}.Release|x86.Build.0 = Release|Any CPU
		{80501A0F-496B-4B88-A139-8510D02790EE}.Debug|Any CPU.ActiveCfg = Debug|Any CPU
		{80501A0F-496B-4B88-A139-8510D02790EE}.Debug|Any CPU.Build.0 = Debug|Any CPU
		{80501A0F-496B-4B88-A139-8510D02790EE}.Debug|x64.ActiveCfg = Debug|Any CPU
		{80501A0F-496B-4B88-A139-8510D02790EE}.Debug|x64.Build.0 = Debug|Any CPU
		{80501A0F-496B-4B88-A139-8510D02790EE}.Debug|x86.ActiveCfg = Debug|Any CPU
		{80501A0F-496B-4B88-A139-8510D02790EE}.Debug|x86.Build.0 = Debug|Any CPU
		{80501A0F-496B-4B88-A139-8510D02790EE}.Release|Any CPU.ActiveCfg = Release|Any CPU
		{80501A0F-496B-4B88-A139-8510D02790EE}.Release|Any CPU.Build.0 = Release|Any CPU
		{80501A0F-496B-4B88-A139-8510D02790EE}.Release|x64.ActiveCfg = Release|Any CPU
		{80501A0F-496B-4B88-A139-8510D02790EE}.Release|x64.Build.0 = Release|Any CPU
		{80501A0F-496B-4B88-A139-8510D02790EE}.Release|x86.ActiveCfg = Release|Any CPU
		{80501A0F-496B-4B88-A139-8510D02790EE}.Release|x86.Build.0 = Release|Any CPU
		{A5171E7F-1510-47C9-A22E-64118004FA36}.Debug|Any CPU.ActiveCfg = Debug|Any CPU
		{A5171E7F-1510-47C9-A22E-64118004FA36}.Debug|Any CPU.Build.0 = Debug|Any CPU
		{A5171E7F-1510-47C9-A22E-64118004FA36}.Debug|x64.ActiveCfg = Debug|Any CPU
		{A5171E7F-1510-47C9-A22E-64118004FA36}.Debug|x64.Build.0 = Debug|Any CPU
		{A5171E7F-1510-47C9-A22E-64118004FA36}.Debug|x86.ActiveCfg = Debug|Any CPU
		{A5171E7F-1510-47C9-A22E-64118004FA36}.Debug|x86.Build.0 = Debug|Any CPU
		{A5171E7F-1510-47C9-A22E-64118004FA36}.Release|Any CPU.ActiveCfg = Release|Any CPU
		{A5171E7F-1510-47C9-A22E-64118004FA36}.Release|Any CPU.Build.0 = Release|Any CPU
		{A5171E7F-1510-47C9-A22E-64118004FA36}.Release|x64.ActiveCfg = Release|Any CPU
		{A5171E7F-1510-47C9-A22E-64118004FA36}.Release|x64.Build.0 = Release|Any CPU
		{A5171E7F-1510-47C9-A22E-64118004FA36}.Release|x86.ActiveCfg = Release|Any CPU
		{A5171E7F-1510-47C9-A22E-64118004FA36}.Release|x86.Build.0 = Release|Any CPU
		{4CEC6F98-BF30-4F23-BF00-8B6A94ABFDD5}.Debug|Any CPU.ActiveCfg = Debug|Any CPU
		{4CEC6F98-BF30-4F23-BF00-8B6A94ABFDD5}.Debug|Any CPU.Build.0 = Debug|Any CPU
		{4CEC6F98-BF30-4F23-BF00-8B6A94ABFDD5}.Debug|x64.ActiveCfg = Debug|Any CPU
		{4CEC6F98-BF30-4F23-BF00-8B6A94ABFDD5}.Debug|x64.Build.0 = Debug|Any CPU
		{4CEC6F98-BF30-4F23-BF00-8B6A94ABFDD5}.Debug|x86.ActiveCfg = Debug|Any CPU
		{4CEC6F98-BF30-4F23-BF00-8B6A94ABFDD5}.Debug|x86.Build.0 = Debug|Any CPU
		{4CEC6F98-BF30-4F23-BF00-8B6A94ABFDD5}.Release|Any CPU.ActiveCfg = Release|Any CPU
		{4CEC6F98-BF30-4F23-BF00-8B6A94ABFDD5}.Release|Any CPU.Build.0 = Release|Any CPU
		{4CEC6F98-BF30-4F23-BF00-8B6A94ABFDD5}.Release|x64.ActiveCfg = Release|Any CPU
		{4CEC6F98-BF30-4F23-BF00-8B6A94ABFDD5}.Release|x64.Build.0 = Release|Any CPU
		{4CEC6F98-BF30-4F23-BF00-8B6A94ABFDD5}.Release|x86.ActiveCfg = Release|Any CPU
		{4CEC6F98-BF30-4F23-BF00-8B6A94ABFDD5}.Release|x86.Build.0 = Release|Any CPU
		{87C649B3-585F-4F60-A8CA-96BD0669ADFE}.Debug|Any CPU.ActiveCfg = Debug|Any CPU
		{87C649B3-585F-4F60-A8CA-96BD0669ADFE}.Debug|Any CPU.Build.0 = Debug|Any CPU
		{87C649B3-585F-4F60-A8CA-96BD0669ADFE}.Debug|x64.ActiveCfg = Debug|Any CPU
		{87C649B3-585F-4F60-A8CA-96BD0669ADFE}.Debug|x64.Build.0 = Debug|Any CPU
		{87C649B3-585F-4F60-A8CA-96BD0669ADFE}.Debug|x86.ActiveCfg = Debug|Any CPU
		{87C649B3-585F-4F60-A8CA-96BD0669ADFE}.Debug|x86.Build.0 = Debug|Any CPU
		{87C649B3-585F-4F60-A8CA-96BD0669ADFE}.Release|Any CPU.ActiveCfg = Release|Any CPU
		{87C649B3-585F-4F60-A8CA-96BD0669ADFE}.Release|Any CPU.Build.0 = Release|Any CPU
		{87C649B3-585F-4F60-A8CA-96BD0669ADFE}.Release|x64.ActiveCfg = Release|Any CPU
		{87C649B3-585F-4F60-A8CA-96BD0669ADFE}.Release|x64.Build.0 = Release|Any CPU
		{87C649B3-585F-4F60-A8CA-96BD0669ADFE}.Release|x86.ActiveCfg = Release|Any CPU
		{87C649B3-585F-4F60-A8CA-96BD0669ADFE}.Release|x86.Build.0 = Release|Any CPU
		{41D089B0-3748-47A2-8113-7E7FFAFB4D9C}.Debug|Any CPU.ActiveCfg = Debug|Any CPU
		{41D089B0-3748-47A2-8113-7E7FFAFB4D9C}.Debug|Any CPU.Build.0 = Debug|Any CPU
		{41D089B0-3748-47A2-8113-7E7FFAFB4D9C}.Debug|x64.ActiveCfg = Debug|Any CPU
		{41D089B0-3748-47A2-8113-7E7FFAFB4D9C}.Debug|x64.Build.0 = Debug|Any CPU
		{41D089B0-3748-47A2-8113-7E7FFAFB4D9C}.Debug|x86.ActiveCfg = Debug|Any CPU
		{41D089B0-3748-47A2-8113-7E7FFAFB4D9C}.Debug|x86.Build.0 = Debug|Any CPU
		{41D089B0-3748-47A2-8113-7E7FFAFB4D9C}.Release|Any CPU.ActiveCfg = Release|Any CPU
		{41D089B0-3748-47A2-8113-7E7FFAFB4D9C}.Release|Any CPU.Build.0 = Release|Any CPU
		{41D089B0-3748-47A2-8113-7E7FFAFB4D9C}.Release|x64.ActiveCfg = Release|Any CPU
		{41D089B0-3748-47A2-8113-7E7FFAFB4D9C}.Release|x64.Build.0 = Release|Any CPU
		{41D089B0-3748-47A2-8113-7E7FFAFB4D9C}.Release|x86.ActiveCfg = Release|Any CPU
		{41D089B0-3748-47A2-8113-7E7FFAFB4D9C}.Release|x86.Build.0 = Release|Any CPU
		{28845365-F899-405B-A046-291B6598A45F}.Debug|Any CPU.ActiveCfg = Debug|Any CPU
		{28845365-F899-405B-A046-291B6598A45F}.Debug|Any CPU.Build.0 = Debug|Any CPU
		{28845365-F899-405B-A046-291B6598A45F}.Debug|x64.ActiveCfg = Debug|Any CPU
		{28845365-F899-405B-A046-291B6598A45F}.Debug|x64.Build.0 = Debug|Any CPU
		{28845365-F899-405B-A046-291B6598A45F}.Debug|x86.ActiveCfg = Debug|Any CPU
		{28845365-F899-405B-A046-291B6598A45F}.Debug|x86.Build.0 = Debug|Any CPU
		{28845365-F899-405B-A046-291B6598A45F}.Release|Any CPU.ActiveCfg = Release|Any CPU
		{28845365-F899-405B-A046-291B6598A45F}.Release|Any CPU.Build.0 = Release|Any CPU
		{28845365-F899-405B-A046-291B6598A45F}.Release|x64.ActiveCfg = Release|Any CPU
		{28845365-F899-405B-A046-291B6598A45F}.Release|x64.Build.0 = Release|Any CPU
		{28845365-F899-405B-A046-291B6598A45F}.Release|x86.ActiveCfg = Release|Any CPU
		{28845365-F899-405B-A046-291B6598A45F}.Release|x86.Build.0 = Release|Any CPU
		{18D42B55-D3E8-4483-8A19-6EB09F83AA79}.Debug|Any CPU.ActiveCfg = Debug|Any CPU
		{18D42B55-D3E8-4483-8A19-6EB09F83AA79}.Debug|Any CPU.Build.0 = Debug|Any CPU
		{18D42B55-D3E8-4483-8A19-6EB09F83AA79}.Debug|x64.ActiveCfg = Debug|Any CPU
		{18D42B55-D3E8-4483-8A19-6EB09F83AA79}.Debug|x64.Build.0 = Debug|Any CPU
		{18D42B55-D3E8-4483-8A19-6EB09F83AA79}.Debug|x86.ActiveCfg = Debug|Any CPU
		{18D42B55-D3E8-4483-8A19-6EB09F83AA79}.Debug|x86.Build.0 = Debug|Any CPU
		{18D42B55-D3E8-4483-8A19-6EB09F83AA79}.Release|Any CPU.ActiveCfg = Release|Any CPU
		{18D42B55-D3E8-4483-8A19-6EB09F83AA79}.Release|Any CPU.Build.0 = Release|Any CPU
		{18D42B55-D3E8-4483-8A19-6EB09F83AA79}.Release|x64.ActiveCfg = Release|Any CPU
		{18D42B55-D3E8-4483-8A19-6EB09F83AA79}.Release|x64.Build.0 = Release|Any CPU
		{18D42B55-D3E8-4483-8A19-6EB09F83AA79}.Release|x86.ActiveCfg = Release|Any CPU
		{18D42B55-D3E8-4483-8A19-6EB09F83AA79}.Release|x86.Build.0 = Release|Any CPU
		{94280260-24EC-404C-8A09-50586F0B7368}.Debug|Any CPU.ActiveCfg = Debug|Any CPU
		{94280260-24EC-404C-8A09-50586F0B7368}.Debug|Any CPU.Build.0 = Debug|Any CPU
		{94280260-24EC-404C-8A09-50586F0B7368}.Debug|x64.ActiveCfg = Debug|Any CPU
		{94280260-24EC-404C-8A09-50586F0B7368}.Debug|x64.Build.0 = Debug|Any CPU
		{94280260-24EC-404C-8A09-50586F0B7368}.Debug|x86.ActiveCfg = Debug|Any CPU
		{94280260-24EC-404C-8A09-50586F0B7368}.Debug|x86.Build.0 = Debug|Any CPU
		{94280260-24EC-404C-8A09-50586F0B7368}.Release|Any CPU.ActiveCfg = Release|Any CPU
		{94280260-24EC-404C-8A09-50586F0B7368}.Release|Any CPU.Build.0 = Release|Any CPU
		{94280260-24EC-404C-8A09-50586F0B7368}.Release|x64.ActiveCfg = Release|Any CPU
		{94280260-24EC-404C-8A09-50586F0B7368}.Release|x64.Build.0 = Release|Any CPU
		{94280260-24EC-404C-8A09-50586F0B7368}.Release|x86.ActiveCfg = Release|Any CPU
		{94280260-24EC-404C-8A09-50586F0B7368}.Release|x86.Build.0 = Release|Any CPU
		{2ED92ADC-D2E3-4A41-A86C-D48A44443ED1}.Debug|Any CPU.ActiveCfg = Debug|Any CPU
		{2ED92ADC-D2E3-4A41-A86C-D48A44443ED1}.Debug|Any CPU.Build.0 = Debug|Any CPU
		{2ED92ADC-D2E3-4A41-A86C-D48A44443ED1}.Debug|x64.ActiveCfg = Debug|Any CPU
		{2ED92ADC-D2E3-4A41-A86C-D48A44443ED1}.Debug|x64.Build.0 = Debug|Any CPU
		{2ED92ADC-D2E3-4A41-A86C-D48A44443ED1}.Debug|x86.ActiveCfg = Debug|Any CPU
		{2ED92ADC-D2E3-4A41-A86C-D48A44443ED1}.Debug|x86.Build.0 = Debug|Any CPU
		{2ED92ADC-D2E3-4A41-A86C-D48A44443ED1}.Release|Any CPU.ActiveCfg = Release|Any CPU
		{2ED92ADC-D2E3-4A41-A86C-D48A44443ED1}.Release|Any CPU.Build.0 = Release|Any CPU
		{2ED92ADC-D2E3-4A41-A86C-D48A44443ED1}.Release|x64.ActiveCfg = Release|Any CPU
		{2ED92ADC-D2E3-4A41-A86C-D48A44443ED1}.Release|x64.Build.0 = Release|Any CPU
		{2ED92ADC-D2E3-4A41-A86C-D48A44443ED1}.Release|x86.ActiveCfg = Release|Any CPU
		{2ED92ADC-D2E3-4A41-A86C-D48A44443ED1}.Release|x86.Build.0 = Release|Any CPU
		{407B7BD2-178C-40C1-B470-8C68D092AB35}.Debug|Any CPU.ActiveCfg = Debug|Any CPU
		{407B7BD2-178C-40C1-B470-8C68D092AB35}.Debug|Any CPU.Build.0 = Debug|Any CPU
		{407B7BD2-178C-40C1-B470-8C68D092AB35}.Debug|x64.ActiveCfg = Debug|Any CPU
		{407B7BD2-178C-40C1-B470-8C68D092AB35}.Debug|x64.Build.0 = Debug|Any CPU
		{407B7BD2-178C-40C1-B470-8C68D092AB35}.Debug|x86.ActiveCfg = Debug|Any CPU
		{407B7BD2-178C-40C1-B470-8C68D092AB35}.Debug|x86.Build.0 = Debug|Any CPU
		{407B7BD2-178C-40C1-B470-8C68D092AB35}.Release|Any CPU.ActiveCfg = Release|Any CPU
		{407B7BD2-178C-40C1-B470-8C68D092AB35}.Release|Any CPU.Build.0 = Release|Any CPU
		{407B7BD2-178C-40C1-B470-8C68D092AB35}.Release|x64.ActiveCfg = Release|Any CPU
		{407B7BD2-178C-40C1-B470-8C68D092AB35}.Release|x64.Build.0 = Release|Any CPU
		{407B7BD2-178C-40C1-B470-8C68D092AB35}.Release|x86.ActiveCfg = Release|Any CPU
		{407B7BD2-178C-40C1-B470-8C68D092AB35}.Release|x86.Build.0 = Release|Any CPU
		{CB479379-472A-4F3C-81AF-2022F300A2E9}.Debug|Any CPU.ActiveCfg = Debug|Any CPU
		{CB479379-472A-4F3C-81AF-2022F300A2E9}.Debug|Any CPU.Build.0 = Debug|Any CPU
		{CB479379-472A-4F3C-81AF-2022F300A2E9}.Debug|x64.ActiveCfg = Debug|Any CPU
		{CB479379-472A-4F3C-81AF-2022F300A2E9}.Debug|x64.Build.0 = Debug|Any CPU
		{CB479379-472A-4F3C-81AF-2022F300A2E9}.Debug|x86.ActiveCfg = Debug|Any CPU
		{CB479379-472A-4F3C-81AF-2022F300A2E9}.Debug|x86.Build.0 = Debug|Any CPU
		{CB479379-472A-4F3C-81AF-2022F300A2E9}.Release|Any CPU.ActiveCfg = Release|Any CPU
		{CB479379-472A-4F3C-81AF-2022F300A2E9}.Release|Any CPU.Build.0 = Release|Any CPU
		{CB479379-472A-4F3C-81AF-2022F300A2E9}.Release|x64.ActiveCfg = Release|Any CPU
		{CB479379-472A-4F3C-81AF-2022F300A2E9}.Release|x64.Build.0 = Release|Any CPU
		{CB479379-472A-4F3C-81AF-2022F300A2E9}.Release|x86.ActiveCfg = Release|Any CPU
		{CB479379-472A-4F3C-81AF-2022F300A2E9}.Release|x86.Build.0 = Release|Any CPU
		{41AB7588-9811-40AC-B71D-BF783B9BBC67}.Debug|Any CPU.ActiveCfg = Debug|Any CPU
		{41AB7588-9811-40AC-B71D-BF783B9BBC67}.Debug|Any CPU.Build.0 = Debug|Any CPU
		{41AB7588-9811-40AC-B71D-BF783B9BBC67}.Debug|x64.ActiveCfg = Debug|Any CPU
		{41AB7588-9811-40AC-B71D-BF783B9BBC67}.Debug|x64.Build.0 = Debug|Any CPU
		{41AB7588-9811-40AC-B71D-BF783B9BBC67}.Debug|x86.ActiveCfg = Debug|Any CPU
		{41AB7588-9811-40AC-B71D-BF783B9BBC67}.Debug|x86.Build.0 = Debug|Any CPU
		{41AB7588-9811-40AC-B71D-BF783B9BBC67}.Release|Any CPU.ActiveCfg = Release|Any CPU
		{41AB7588-9811-40AC-B71D-BF783B9BBC67}.Release|Any CPU.Build.0 = Release|Any CPU
		{41AB7588-9811-40AC-B71D-BF783B9BBC67}.Release|x64.ActiveCfg = Release|Any CPU
		{41AB7588-9811-40AC-B71D-BF783B9BBC67}.Release|x64.Build.0 = Release|Any CPU
		{41AB7588-9811-40AC-B71D-BF783B9BBC67}.Release|x86.ActiveCfg = Release|Any CPU
		{41AB7588-9811-40AC-B71D-BF783B9BBC67}.Release|x86.Build.0 = Release|Any CPU
		{C2672FAA-0DB2-4E8F-8F50-071BE6B63F42}.Debug|Any CPU.ActiveCfg = Debug|Any CPU
		{C2672FAA-0DB2-4E8F-8F50-071BE6B63F42}.Debug|Any CPU.Build.0 = Debug|Any CPU
		{C2672FAA-0DB2-4E8F-8F50-071BE6B63F42}.Debug|x64.ActiveCfg = Debug|Any CPU
		{C2672FAA-0DB2-4E8F-8F50-071BE6B63F42}.Debug|x64.Build.0 = Debug|Any CPU
		{C2672FAA-0DB2-4E8F-8F50-071BE6B63F42}.Debug|x86.ActiveCfg = Debug|Any CPU
		{C2672FAA-0DB2-4E8F-8F50-071BE6B63F42}.Debug|x86.Build.0 = Debug|Any CPU
		{C2672FAA-0DB2-4E8F-8F50-071BE6B63F42}.Release|Any CPU.ActiveCfg = Release|Any CPU
		{C2672FAA-0DB2-4E8F-8F50-071BE6B63F42}.Release|Any CPU.Build.0 = Release|Any CPU
		{C2672FAA-0DB2-4E8F-8F50-071BE6B63F42}.Release|x64.ActiveCfg = Release|Any CPU
		{C2672FAA-0DB2-4E8F-8F50-071BE6B63F42}.Release|x64.Build.0 = Release|Any CPU
		{C2672FAA-0DB2-4E8F-8F50-071BE6B63F42}.Release|x86.ActiveCfg = Release|Any CPU
		{C2672FAA-0DB2-4E8F-8F50-071BE6B63F42}.Release|x86.Build.0 = Release|Any CPU
		{6F5599DC-B014-4128-933F-CCE65456139E}.Debug|Any CPU.ActiveCfg = Debug|Any CPU
		{6F5599DC-B014-4128-933F-CCE65456139E}.Debug|Any CPU.Build.0 = Debug|Any CPU
		{6F5599DC-B014-4128-933F-CCE65456139E}.Debug|x64.ActiveCfg = Debug|Any CPU
		{6F5599DC-B014-4128-933F-CCE65456139E}.Debug|x64.Build.0 = Debug|Any CPU
		{6F5599DC-B014-4128-933F-CCE65456139E}.Debug|x86.ActiveCfg = Debug|Any CPU
		{6F5599DC-B014-4128-933F-CCE65456139E}.Debug|x86.Build.0 = Debug|Any CPU
		{6F5599DC-B014-4128-933F-CCE65456139E}.Release|Any CPU.ActiveCfg = Release|Any CPU
		{6F5599DC-B014-4128-933F-CCE65456139E}.Release|Any CPU.Build.0 = Release|Any CPU
		{6F5599DC-B014-4128-933F-CCE65456139E}.Release|x64.ActiveCfg = Release|Any CPU
		{6F5599DC-B014-4128-933F-CCE65456139E}.Release|x64.Build.0 = Release|Any CPU
		{6F5599DC-B014-4128-933F-CCE65456139E}.Release|x86.ActiveCfg = Release|Any CPU
		{6F5599DC-B014-4128-933F-CCE65456139E}.Release|x86.Build.0 = Release|Any CPU
		{5A4DEAD6-604B-4239-B165-E2C390C61CB7}.Debug|Any CPU.ActiveCfg = Debug|Any CPU
		{5A4DEAD6-604B-4239-B165-E2C390C61CB7}.Debug|Any CPU.Build.0 = Debug|Any CPU
		{5A4DEAD6-604B-4239-B165-E2C390C61CB7}.Debug|x64.ActiveCfg = Debug|Any CPU
		{5A4DEAD6-604B-4239-B165-E2C390C61CB7}.Debug|x64.Build.0 = Debug|Any CPU
		{5A4DEAD6-604B-4239-B165-E2C390C61CB7}.Debug|x86.ActiveCfg = Debug|Any CPU
		{5A4DEAD6-604B-4239-B165-E2C390C61CB7}.Debug|x86.Build.0 = Debug|Any CPU
		{5A4DEAD6-604B-4239-B165-E2C390C61CB7}.Release|Any CPU.ActiveCfg = Release|Any CPU
		{5A4DEAD6-604B-4239-B165-E2C390C61CB7}.Release|Any CPU.Build.0 = Release|Any CPU
		{5A4DEAD6-604B-4239-B165-E2C390C61CB7}.Release|x64.ActiveCfg = Release|Any CPU
		{5A4DEAD6-604B-4239-B165-E2C390C61CB7}.Release|x64.Build.0 = Release|Any CPU
		{5A4DEAD6-604B-4239-B165-E2C390C61CB7}.Release|x86.ActiveCfg = Release|Any CPU
		{5A4DEAD6-604B-4239-B165-E2C390C61CB7}.Release|x86.Build.0 = Release|Any CPU
		{6ED5ACD7-787C-402E-A495-0406C7A88F82}.Debug|Any CPU.ActiveCfg = Debug|Any CPU
		{6ED5ACD7-787C-402E-A495-0406C7A88F82}.Debug|Any CPU.Build.0 = Debug|Any CPU
		{6ED5ACD7-787C-402E-A495-0406C7A88F82}.Debug|x64.ActiveCfg = Debug|Any CPU
		{6ED5ACD7-787C-402E-A495-0406C7A88F82}.Debug|x64.Build.0 = Debug|Any CPU
		{6ED5ACD7-787C-402E-A495-0406C7A88F82}.Debug|x86.ActiveCfg = Debug|Any CPU
		{6ED5ACD7-787C-402E-A495-0406C7A88F82}.Debug|x86.Build.0 = Debug|Any CPU
		{6ED5ACD7-787C-402E-A495-0406C7A88F82}.Release|Any CPU.ActiveCfg = Release|Any CPU
		{6ED5ACD7-787C-402E-A495-0406C7A88F82}.Release|Any CPU.Build.0 = Release|Any CPU
		{6ED5ACD7-787C-402E-A495-0406C7A88F82}.Release|x64.ActiveCfg = Release|Any CPU
		{6ED5ACD7-787C-402E-A495-0406C7A88F82}.Release|x64.Build.0 = Release|Any CPU
		{6ED5ACD7-787C-402E-A495-0406C7A88F82}.Release|x86.ActiveCfg = Release|Any CPU
		{6ED5ACD7-787C-402E-A495-0406C7A88F82}.Release|x86.Build.0 = Release|Any CPU
		{83FE8AE1-063E-4AA7-91A7-D3357F06ECFA}.Debug|Any CPU.ActiveCfg = Debug|Any CPU
		{83FE8AE1-063E-4AA7-91A7-D3357F06ECFA}.Debug|Any CPU.Build.0 = Debug|Any CPU
		{83FE8AE1-063E-4AA7-91A7-D3357F06ECFA}.Debug|x64.ActiveCfg = Debug|Any CPU
		{83FE8AE1-063E-4AA7-91A7-D3357F06ECFA}.Debug|x64.Build.0 = Debug|Any CPU
		{83FE8AE1-063E-4AA7-91A7-D3357F06ECFA}.Debug|x86.ActiveCfg = Debug|Any CPU
		{83FE8AE1-063E-4AA7-91A7-D3357F06ECFA}.Debug|x86.Build.0 = Debug|Any CPU
		{83FE8AE1-063E-4AA7-91A7-D3357F06ECFA}.Release|Any CPU.ActiveCfg = Release|Any CPU
		{83FE8AE1-063E-4AA7-91A7-D3357F06ECFA}.Release|Any CPU.Build.0 = Release|Any CPU
		{83FE8AE1-063E-4AA7-91A7-D3357F06ECFA}.Release|x64.ActiveCfg = Release|Any CPU
		{83FE8AE1-063E-4AA7-91A7-D3357F06ECFA}.Release|x64.Build.0 = Release|Any CPU
		{83FE8AE1-063E-4AA7-91A7-D3357F06ECFA}.Release|x86.ActiveCfg = Release|Any CPU
		{83FE8AE1-063E-4AA7-91A7-D3357F06ECFA}.Release|x86.Build.0 = Release|Any CPU
		{1194EA4E-1D42-4531-AD59-6DBCE00619FC}.Debug|Any CPU.ActiveCfg = Debug|Any CPU
		{1194EA4E-1D42-4531-AD59-6DBCE00619FC}.Debug|Any CPU.Build.0 = Debug|Any CPU
		{1194EA4E-1D42-4531-AD59-6DBCE00619FC}.Debug|x64.ActiveCfg = Debug|Any CPU
		{1194EA4E-1D42-4531-AD59-6DBCE00619FC}.Debug|x64.Build.0 = Debug|Any CPU
		{1194EA4E-1D42-4531-AD59-6DBCE00619FC}.Debug|x86.ActiveCfg = Debug|Any CPU
		{1194EA4E-1D42-4531-AD59-6DBCE00619FC}.Debug|x86.Build.0 = Debug|Any CPU
		{1194EA4E-1D42-4531-AD59-6DBCE00619FC}.Release|Any CPU.ActiveCfg = Release|Any CPU
		{1194EA4E-1D42-4531-AD59-6DBCE00619FC}.Release|Any CPU.Build.0 = Release|Any CPU
		{1194EA4E-1D42-4531-AD59-6DBCE00619FC}.Release|x64.ActiveCfg = Release|Any CPU
		{1194EA4E-1D42-4531-AD59-6DBCE00619FC}.Release|x64.Build.0 = Release|Any CPU
		{1194EA4E-1D42-4531-AD59-6DBCE00619FC}.Release|x86.ActiveCfg = Release|Any CPU
		{1194EA4E-1D42-4531-AD59-6DBCE00619FC}.Release|x86.Build.0 = Release|Any CPU
	EndGlobalSection
	GlobalSection(SolutionProperties) = preSolution
		HideSolutionNode = FALSE
	EndGlobalSection
	GlobalSection(NestedProjects) = preSolution
		{504BDD85-9F71-4CF4-94F1-A15CEDD8DD2B} = {F2D8144A-AE84-4237-87F1-DE8D95A74AF8}
		{B43150EB-C14A-4189-909A-A35CB807480E} = {21173800-0DAA-402A-B555-FC3F70F7F2E7}
		{2114F3E9-8608-41FB-87CF-584D9B5FA852} = {21173800-0DAA-402A-B555-FC3F70F7F2E7}
		{6F15848C-472C-4B5B-8957-C0CC4CFA54E7} = {B43150EB-C14A-4189-909A-A35CB807480E}
		{6A2B5287-4DB0-48C9-912C-A471EAFF2038} = {C1A7B432-2927-4A4C-830E-57EF3D1649D0}
		{A49493B4-DBF7-490D-AEA3-611B20486BA9} = {C1A7B432-2927-4A4C-830E-57EF3D1649D0}
		{8BDAD75A-AD49-44A0-98D5-4722AAAC46D5} = {C1A7B432-2927-4A4C-830E-57EF3D1649D0}
		{890EE5F8-8045-44C7-A453-DC1FD5CE11B9} = {4F1F63AE-540C-4C8C-B8E6-19824A0D1FE4}
		{7F7AB46B-A69E-4272-B213-B633957249CE} = {4F1F63AE-540C-4C8C-B8E6-19824A0D1FE4}
		{CC4D5018-AE8A-44CD-B096-23D71C94B674} = {4F1F63AE-540C-4C8C-B8E6-19824A0D1FE4}
		{25CA9BA0-DA00-4FCA-BBE7-04F4AE1A2A3D} = {4F1F63AE-540C-4C8C-B8E6-19824A0D1FE4}
		{7442F019-FEB9-46D7-BBD5-C3F824072947} = {890EE5F8-8045-44C7-A453-DC1FD5CE11B9}
		{AE26FCA3-6A07-4221-AC5F-54420846FA87} = {890EE5F8-8045-44C7-A453-DC1FD5CE11B9}
		{AB0AE5F0-097C-443E-B72D-907DC8D6B0F0} = {7F7AB46B-A69E-4272-B213-B633957249CE}
		{4B0B030D-955D-4FC9-8553-60513551D535} = {7F7AB46B-A69E-4272-B213-B633957249CE}
		{A3C88326-C1AA-43EA-89D3-1D4020830BDA} = {7F7AB46B-A69E-4272-B213-B633957249CE}
		{60336BAF-89C9-4D0C-B563-F8E7398D55CC} = {CC4D5018-AE8A-44CD-B096-23D71C94B674}
		{431DC98C-46B2-407E-9012-13D8587947F1} = {CC4D5018-AE8A-44CD-B096-23D71C94B674}
		{95BED520-900E-4FCF-AB77-BAC311388A2A} = {CC4D5018-AE8A-44CD-B096-23D71C94B674}
		{80501A0F-496B-4B88-A139-8510D02790EE} = {CEB6FF8C-38B4-43CF-9A78-607212519815}
		{A5171E7F-1510-47C9-A22E-64118004FA36} = {CEB6FF8C-38B4-43CF-9A78-607212519815}
		{4CEC6F98-BF30-4F23-BF00-8B6A94ABFDD5} = {CEB6FF8C-38B4-43CF-9A78-607212519815}
		{87C649B3-585F-4F60-A8CA-96BD0669ADFE} = {CEB6FF8C-38B4-43CF-9A78-607212519815}
		{41D089B0-3748-47A2-8113-7E7FFAFB4D9C} = {CEB6FF8C-38B4-43CF-9A78-607212519815}
		{28845365-F899-405B-A046-291B6598A45F} = {2114F3E9-8608-41FB-87CF-584D9B5FA852}
		{18D42B55-D3E8-4483-8A19-6EB09F83AA79} = {2114F3E9-8608-41FB-87CF-584D9B5FA852}
		{4FA88DFE-42E1-4B99-9CD2-500AB03CFFA1} = {CEB6FF8C-38B4-43CF-9A78-607212519815}
		{94280260-24EC-404C-8A09-50586F0B7368} = {4FA88DFE-42E1-4B99-9CD2-500AB03CFFA1}
		{2ED92ADC-D2E3-4A41-A86C-D48A44443ED1} = {4FA88DFE-42E1-4B99-9CD2-500AB03CFFA1}
		{407B7BD2-178C-40C1-B470-8C68D092AB35} = {4FA88DFE-42E1-4B99-9CD2-500AB03CFFA1}
		{CB479379-472A-4F3C-81AF-2022F300A2E9} = {4FA88DFE-42E1-4B99-9CD2-500AB03CFFA1}
		{41AB7588-9811-40AC-B71D-BF783B9BBC67} = {25CA9BA0-DA00-4FCA-BBE7-04F4AE1A2A3D}
		{C2672FAA-0DB2-4E8F-8F50-071BE6B63F42} = {890EE5F8-8045-44C7-A453-DC1FD5CE11B9}
		{51BF8B1F-6BEF-4657-97D6-C8F813FA07AE} = {4F1F63AE-540C-4C8C-B8E6-19824A0D1FE4}
		{6F5599DC-B014-4128-933F-CCE65456139E} = {51BF8B1F-6BEF-4657-97D6-C8F813FA07AE}
		{5A4DEAD6-604B-4239-B165-E2C390C61CB7} = {CEB6FF8C-38B4-43CF-9A78-607212519815}
		{6ED5ACD7-787C-402E-A495-0406C7A88F82} = {FE85A38B-5258-4279-B9D6-D0B72504B5AC}
		{83FE8AE1-063E-4AA7-91A7-D3357F06ECFA} = {FE85A38B-5258-4279-B9D6-D0B72504B5AC}
		{1194EA4E-1D42-4531-AD59-6DBCE00619FC} = {FE85A38B-5258-4279-B9D6-D0B72504B5AC}
	EndGlobalSection
	GlobalSection(ExtensibilityGlobals) = postSolution
		SolutionGuid = {71CD5BD3-EF8D-4772-B5C2-BA56E3CF0C66}
	EndGlobalSection
EndGlobal
