
Microsoft Visual Studio Solution File, Format Version 12.00
# Visual Studio 15
VisualStudioVersion = 15.0.26124.0
MinimumVisualStudioVersion = 15.0.26124.0
Project("{2150E333-8FDC-42A3-9474-1A3956D46DE8}") = "Shared", "Shared", "{FE85A38B-5258-4279-B9D6-D0B72504B5AC}"
EndProject
Project("{2150E333-8FDC-42A3-9474-1A3956D46DE8}") = "ThirdParty", "ThirdParty", "{21173800-0DAA-402A-B555-FC3F70F7F2E7}"
EndProject
Project("{FAE04EC0-301F-11D3-BF4B-00C04F79EFBC}") = "Google.Protobuf", "Shared\ThirdParty\Google.Protobuf\Google.Protobuf.csproj", "{DF9CE4CB-B0B1-4756-B334-E8E747F485BB}"
EndProject
Project("{FAE04EC0-301F-11D3-BF4B-00C04F79EFBC}") = "Entitas", "Shared\Entitas\Entitas.csproj", "{D49489BA-96A9-4C01-8261-3D86F894F7CF}"
EndProject
Project("{2150E333-8FDC-42A3-9474-1A3956D46DE8}") = "Tests", "Tests", "{C1A7B432-2927-4A4C-830E-57EF3D1649D0}"
EndProject
Project("{2150E333-8FDC-42A3-9474-1A3956D46DE8}") = "Server", "Server", "{1E03849F-AA10-46A0-B675-A40227381DC0}"
EndProject
Project("{2150E333-8FDC-42A3-9474-1A3956D46DE8}") = "Client", "Client", "{4952AD27-FB05-4006-B424-97570E5002ED}"
EndProject
Project("{FAE04EC0-301F-11D3-BF4B-00C04F79EFBC}") = "Client.App", "Client\App\Client.App.csproj", "{52575F27-6371-4AC3-AB41-0C0D4F11B58C}"
EndProject
Project("{FAE04EC0-301F-11D3-BF4B-00C04F79EFBC}") = "Server.App", "Server\App\Server.App.csproj", "{8B3A761B-AB53-4D99-9718-4BEC9684E7C3}"
EndProject
Global
	GlobalSection(SolutionConfigurationPlatforms) = preSolution
		Debug|Any CPU = Debug|Any CPU
		Debug|x64 = Debug|x64
		Debug|x86 = Debug|x86
		Release|Any CPU = Release|Any CPU
		Release|x64 = Release|x64
		Release|x86 = Release|x86
	EndGlobalSection
	GlobalSection(SolutionProperties) = preSolution
		HideSolutionNode = FALSE
	EndGlobalSection
	GlobalSection(NestedProjects) = preSolution
		{21173800-0DAA-402A-B555-FC3F70F7F2E7} = {FE85A38B-5258-4279-B9D6-D0B72504B5AC}
		{DF9CE4CB-B0B1-4756-B334-E8E747F485BB} = {21173800-0DAA-402A-B555-FC3F70F7F2E7}
		{D49489BA-96A9-4C01-8261-3D86F894F7CF} = {FE85A38B-5258-4279-B9D6-D0B72504B5AC}
		{52575F27-6371-4AC3-AB41-0C0D4F11B58C} = {4952AD27-FB05-4006-B424-97570E5002ED}
		{8B3A761B-AB53-4D99-9718-4BEC9684E7C3} = {1E03849F-AA10-46A0-B675-A40227381DC0}
	EndGlobalSection
	GlobalSection(ProjectConfigurationPlatforms) = postSolution
		{DF9CE4CB-B0B1-4756-B334-E8E747F485BB}.Debug|Any CPU.ActiveCfg = Debug|Any CPU
		{DF9CE4CB-B0B1-4756-B334-E8E747F485BB}.Debug|Any CPU.Build.0 = Debug|Any CPU
		{DF9CE4CB-B0B1-4756-B334-E8E747F485BB}.Debug|x64.ActiveCfg = Debug|Any CPU
		{DF9CE4CB-B0B1-4756-B334-E8E747F485BB}.Debug|x64.Build.0 = Debug|Any CPU
		{DF9CE4CB-B0B1-4756-B334-E8E747F485BB}.Debug|x86.ActiveCfg = Debug|Any CPU
		{DF9CE4CB-B0B1-4756-B334-E8E747F485BB}.Debug|x86.Build.0 = Debug|Any CPU
		{DF9CE4CB-B0B1-4756-B334-E8E747F485BB}.Release|Any CPU.ActiveCfg = Release|Any CPU
		{DF9CE4CB-B0B1-4756-B334-E8E747F485BB}.Release|Any CPU.Build.0 = Release|Any CPU
		{DF9CE4CB-B0B1-4756-B334-E8E747F485BB}.Release|x64.ActiveCfg = Release|Any CPU
		{DF9CE4CB-B0B1-4756-B334-E8E747F485BB}.Release|x64.Build.0 = Release|Any CPU
		{DF9CE4CB-B0B1-4756-B334-E8E747F485BB}.Release|x86.ActiveCfg = Release|Any CPU
		{DF9CE4CB-B0B1-4756-B334-E8E747F485BB}.Release|x86.Build.0 = Release|Any CPU
		{D49489BA-96A9-4C01-8261-3D86F894F7CF}.Debug|Any CPU.ActiveCfg = Debug|Any CPU
		{D49489BA-96A9-4C01-8261-3D86F894F7CF}.Debug|Any CPU.Build.0 = Debug|Any CPU
		{D49489BA-96A9-4C01-8261-3D86F894F7CF}.Debug|x64.ActiveCfg = Debug|Any CPU
		{D49489BA-96A9-4C01-8261-3D86F894F7CF}.Debug|x64.Build.0 = Debug|Any CPU
		{D49489BA-96A9-4C01-8261-3D86F894F7CF}.Debug|x86.ActiveCfg = Debug|Any CPU
		{D49489BA-96A9-4C01-8261-3D86F894F7CF}.Debug|x86.Build.0 = Debug|Any CPU
		{D49489BA-96A9-4C01-8261-3D86F894F7CF}.Release|Any CPU.ActiveCfg = Release|Any CPU
		{D49489BA-96A9-4C01-8261-3D86F894F7CF}.Release|Any CPU.Build.0 = Release|Any CPU
		{D49489BA-96A9-4C01-8261-3D86F894F7CF}.Release|x64.ActiveCfg = Release|Any CPU
		{D49489BA-96A9-4C01-8261-3D86F894F7CF}.Release|x64.Build.0 = Release|Any CPU
		{D49489BA-96A9-4C01-8261-3D86F894F7CF}.Release|x86.ActiveCfg = Release|Any CPU
		{D49489BA-96A9-4C01-8261-3D86F894F7CF}.Release|x86.Build.0 = Release|Any CPU
		{52575F27-6371-4AC3-AB41-0C0D4F11B58C}.Debug|Any CPU.ActiveCfg = Debug|Any CPU
		{52575F27-6371-4AC3-AB41-0C0D4F11B58C}.Debug|Any CPU.Build.0 = Debug|Any CPU
		{52575F27-6371-4AC3-AB41-0C0D4F11B58C}.Debug|x64.ActiveCfg = Debug|Any CPU
		{52575F27-6371-4AC3-AB41-0C0D4F11B58C}.Debug|x64.Build.0 = Debug|Any CPU
		{52575F27-6371-4AC3-AB41-0C0D4F11B58C}.Debug|x86.ActiveCfg = Debug|Any CPU
		{52575F27-6371-4AC3-AB41-0C0D4F11B58C}.Debug|x86.Build.0 = Debug|Any CPU
		{52575F27-6371-4AC3-AB41-0C0D4F11B58C}.Release|Any CPU.ActiveCfg = Release|Any CPU
		{52575F27-6371-4AC3-AB41-0C0D4F11B58C}.Release|Any CPU.Build.0 = Release|Any CPU
		{52575F27-6371-4AC3-AB41-0C0D4F11B58C}.Release|x64.ActiveCfg = Release|Any CPU
		{52575F27-6371-4AC3-AB41-0C0D4F11B58C}.Release|x64.Build.0 = Release|Any CPU
		{52575F27-6371-4AC3-AB41-0C0D4F11B58C}.Release|x86.ActiveCfg = Release|Any CPU
		{52575F27-6371-4AC3-AB41-0C0D4F11B58C}.Release|x86.Build.0 = Release|Any CPU
		{8B3A761B-AB53-4D99-9718-4BEC9684E7C3}.Debug|Any CPU.ActiveCfg = Debug|Any CPU
		{8B3A761B-AB53-4D99-9718-4BEC9684E7C3}.Debug|Any CPU.Build.0 = Debug|Any CPU
		{8B3A761B-AB53-4D99-9718-4BEC9684E7C3}.Debug|x64.ActiveCfg = Debug|Any CPU
		{8B3A761B-AB53-4D99-9718-4BEC9684E7C3}.Debug|x64.Build.0 = Debug|Any CPU
		{8B3A761B-AB53-4D99-9718-4BEC9684E7C3}.Debug|x86.ActiveCfg = Debug|Any CPU
		{8B3A761B-AB53-4D99-9718-4BEC9684E7C3}.Debug|x86.Build.0 = Debug|Any CPU
		{8B3A761B-AB53-4D99-9718-4BEC9684E7C3}.Release|Any CPU.ActiveCfg = Release|Any CPU
		{8B3A761B-AB53-4D99-9718-4BEC9684E7C3}.Release|Any CPU.Build.0 = Release|Any CPU
		{8B3A761B-AB53-4D99-9718-4BEC9684E7C3}.Release|x64.ActiveCfg = Release|Any CPU
		{8B3A761B-AB53-4D99-9718-4BEC9684E7C3}.Release|x64.Build.0 = Release|Any CPU
		{8B3A761B-AB53-4D99-9718-4BEC9684E7C3}.Release|x86.ActiveCfg = Release|Any CPU
		{8B3A761B-AB53-4D99-9718-4BEC9684E7C3}.Release|x86.Build.0 = Release|Any CPU
	EndGlobalSection
EndGlobal
