
Microsoft Visual Studio Solution File, Format Version 12.00
# Visual Studio 15
VisualStudioVersion = 15.0.27130.2020
MinimumVisualStudioVersion = 10.0.40219.1
Project("{FAE04EC0-301F-11D3-BF4B-00C04F79EFBC}") = "ServersCluster", "ServersCluster\ServersCluster.csproj", "{1398EB6D-826C-4AD5-9281-0F5ADDEDCD1B}"
EndProject
Project("{2150E333-8FDC-42A3-9474-1A3956D46DE8}") = "Servers", "Servers", "{77A1B431-E5FF-45B6-8D01-F95345D39540}"
EndProject
Project("{2150E333-8FDC-42A3-9474-1A3956D46DE8}") = "Libs", "Libs", "{57F153B5-21FE-4D91-9586-D5CB96BB8B97}"
EndProject
Project("{2150E333-8FDC-42A3-9474-1A3956D46DE8}") = "CommonLibs", "CommonLibs", "{BEB26E75-7033-4A75-B1A5-EC56B1F84F4A}"
EndProject
Project("{2150E333-8FDC-42A3-9474-1A3956D46DE8}") = "Protocol", "Protocol", "{B1F27998-2383-457A-AE93-810558F4FC44}"
	ProjectSection(SolutionItems) = preProject
		Protocol\ProtocolStandard.txt = Protocol\ProtocolStandard.txt
	EndProjectSection
EndProject
Project("{FAE04EC0-301F-11D3-BF4B-00C04F79EFBC}") = "CommonLibsTest", "CommonLibs\CommonLibs\CommonLibsTest.csproj", "{550722C5-A3CD-4E42-8E1D-9762AB1EAB13}"
EndProject
Project("{FAE04EC0-301F-11D3-BF4B-00C04F79EFBC}") = "IOCPLib", "CommonLibs\IOCPLib\IOCPLib.csproj", "{2F41665B-0C8D-424B-B73F-D7AD81C7D4A1}"
EndProject
Project("{FAE04EC0-301F-11D3-BF4B-00C04F79EFBC}") = "ServerFrameWork", "CommonLibs\ServerFrameWork\ServerFrameWork.csproj", "{47AE13B1-3343-45E5-BCB4-3728995C1E95}"
EndProject
Project("{FAE04EC0-301F-11D3-BF4B-00C04F79EFBC}") = "TcpLib", "CommonLibs\TcpLib\TcpLib.csproj", "{FAEBA880-AECE-48BF-9510-AF712A0BF80C}"
EndProject
Project("{8BC9CEB8-8B4A-11D0-8D11-00A0C91BC942}") = "BuildClientProtocol", "Protocol\BuildClientProtocol\BuildClientProtocol.vcxproj", "{9C65EF35-4AC9-4E76-9A4D-15419DB6B9C7}"
EndProject
Project("{8BC9CEB8-8B4A-11D0-8D11-00A0C91BC942}") = "BuildServerProtocol", "Protocol\BuildServerProtocol\BuildServerProtocol.vcxproj", "{D49CB2D4-4689-466A-98FC-FB1C6C02CFF4}"
EndProject
Project("{FAE04EC0-301F-11D3-BF4B-00C04F79EFBC}") = "ClientProtocol", "Protocol\ClientProtocol\ClientProtocol.csproj", "{105D609B-1A04-40FA-B684-F63E7DE0A508}"
EndProject
Project("{FAE04EC0-301F-11D3-BF4B-00C04F79EFBC}") = "ServerProtocol", "Protocol\ServerProtocol\ServerProtocol.csproj", "{94623506-6C6C-4A20-B93F-97BB1FD872DE}"
EndProject
Project("{FAE04EC0-301F-11D3-BF4B-00C04F79EFBC}") = "DataParserLib", "CommonLibs\DataParserLib\DataParserLib.csproj", "{3C6322AD-AA26-434F-BA7E-B4D7924B9BC7}"
EndProject
Project("{2150E333-8FDC-42A3-9474-1A3956D46DE8}") = "Exec", "Exec", "{DDE5441D-B4CA-4F5D-96AD-2D3D23BE4F60}"
EndProject
Project("{FAE04EC0-301F-11D3-BF4B-00C04F79EFBC}") = "BattleManagerServer", "ServersCluster\Servers\BattleManagerServer\BattleManagerServer.csproj", "{1D2F39AC-9060-4127-A373-E6813981BADC}"
EndProject
Project("{FAE04EC0-301F-11D3-BF4B-00C04F79EFBC}") = "BattleServer", "ServersCluster\Servers\BattleServer\BattleServer.csproj", "{41286DE1-1E05-460D-87CE-D3380BEBA77B}"
EndProject
Project("{FAE04EC0-301F-11D3-BF4B-00C04F79EFBC}") = "ClusterManagerServer", "ServersCluster\Servers\ClusterManagerServer\ClusterManagerServer.csproj", "{1161A9DD-4B4E-4F0A-9382-D0938D36FEBA}"
EndProject
Project("{FAE04EC0-301F-11D3-BF4B-00C04F79EFBC}") = "BattleManagerServerLib", "ServersCluster\Servers\BattleManagerServerLib\BattleManagerServerLib.csproj", "{8527C418-6BB1-4DD8-8244-97DADE836F22}"
EndProject
Project("{FAE04EC0-301F-11D3-BF4B-00C04F79EFBC}") = "BattleServerLib", "ServersCluster\Servers\BattleServerLib\BattleServerLib.csproj", "{455CF84C-300B-4B27-A29B-2FE3DE49FDCB}"
EndProject
Project("{FAE04EC0-301F-11D3-BF4B-00C04F79EFBC}") = "ClusterManagerServerLib", "ServersCluster\Servers\ClusterManagerServerLib\ClusterManagerServerLib.csproj", "{BF8D6746-D28A-44CD-849D-C11BC34C2614}"
EndProject
Project("{FAE04EC0-301F-11D3-BF4B-00C04F79EFBC}") = "WorldServer", "ServersCluster\Servers\WorldServer\WorldServer.csproj", "{E1B21CE4-3D1E-4093-B2AE-BB9722A7E4EF}"
EndProject
Project("{FAE04EC0-301F-11D3-BF4B-00C04F79EFBC}") = "WorldManagerServer", "ServersCluster\Servers\WorldManagerServer\WorldManagerServer.csproj", "{0E440499-2F8F-4FE2-B4BC-B380F3094122}"
EndProject
Project("{FAE04EC0-301F-11D3-BF4B-00C04F79EFBC}") = "WorldServerLib", "ServersCluster\Servers\WorldServerLib\WorldServerLib.csproj", "{1C117A44-23FB-46E4-8B45-231F4F458C16}"
EndProject
Project("{FAE04EC0-301F-11D3-BF4B-00C04F79EFBC}") = "WorldManagerServerLib", "ServersCluster\Servers\WorldManagerServerLib\WorldManagerServerLib.csproj", "{AAC97ED0-E934-447D-9310-1747DA29CAAC}"
EndProject
Project("{FAE04EC0-301F-11D3-BF4B-00C04F79EFBC}") = "LogLib", "CommonLibs\LogLib\LogLib.csproj", "{A3940522-54F7-45E4-98FD-C0F64550DEE8}"
EndProject
Project("{FAE04EC0-301F-11D3-BF4B-00C04F79EFBC}") = "GateServer", "ServersCluster\Servers\GateServer\GateServer.csproj", "{D1B0C962-4A3A-4D54-A173-1FEAC1F5433E}"
EndProject
Project("{FAE04EC0-301F-11D3-BF4B-00C04F79EFBC}") = "GateServerLib", "ServersCluster\Servers\GateServerLib\GateServerLib.csproj", "{F3ED8797-E136-409D-BE6D-659AA83E7835}"
EndProject
Project("{2150E333-8FDC-42A3-9474-1A3956D46DE8}") = "SimpleClient", "SimpleClient", "{3124CEF5-C9A3-4DB6-8692-1F00539E74A3}"
EndProject
Project("{FAE04EC0-301F-11D3-BF4B-00C04F79EFBC}") = "SimpleClient", "SimpleClient\SimpleClient\SimpleClient.csproj", "{E3282A2A-3DDA-44D5-A88C-3CCA19A49343}"
EndProject
Project("{FAE04EC0-301F-11D3-BF4B-00C04F79EFBC}") = "AssemblyLib", "SimpleClient\Libs\AssemblyLib\AssemblyLib.csproj", "{486E6984-DC21-4E22-8C64-AE904423DA9A}"
EndProject
Project("{2150E333-8FDC-42A3-9474-1A3956D46DE8}") = "Bin", "Bin", "{843CA0C8-61F0-4D1F-AB6A-70F17BF059D4}"
EndProject
Project("{2150E333-8FDC-42A3-9474-1A3956D46DE8}") = "Data", "Data", "{66CF9872-7234-475A-A833-5E915739A260}"
EndProject
Project("{2150E333-8FDC-42A3-9474-1A3956D46DE8}") = "XML", "XML", "{7CDC0FE6-360E-4AB6-AE00-9BD9E8434F17}"
	ProjectSection(SolutionItems) = preProject
		Bin\Data\XML\RedisConfig.xml = Bin\Data\XML\RedisConfig.xml
		Bin\Data\XML\ServerConfig.xml = Bin\Data\XML\ServerConfig.xml
	EndProjectSection
EndProject
Project("{2150E333-8FDC-42A3-9474-1A3956D46DE8}") = "Debug", "Debug", "{3F738300-ED33-4558-9862-1FB26AA29EDE}"
	ProjectSection(SolutionItems) = preProject
		GateServerStart.bat = GateServerStart.bat
		Bin\Debug\StartServer.bat = Bin\Debug\StartServer.bat
	EndProjectSection
EndProject
Project("{2150E333-8FDC-42A3-9474-1A3956D46DE8}") = "Release", "Release", "{67C86B9F-A126-4A5D-8D30-F1850F62394F}"
	ProjectSection(SolutionItems) = preProject
		Bin\Release\StartServer.bat = Bin\Release\StartServer.bat
	EndProjectSection
EndProject
Project("{FAE04EC0-301F-11D3-BF4B-00C04F79EFBC}") = "GenerateCodeLib", "SimpleClient\Libs\GenerateCodeLib\GenerateCodeLib.csproj", "{8E70AC1C-7DB3-40B0-915B-F3B8FBCACE88}"
EndProject
Project("{FAE04EC0-301F-11D3-BF4B-00C04F79EFBC}") = "ClientLib", "SimpleClient\Libs\ClientLib\ClientLib.csproj", "{D0C97B29-C5AB-4ECB-A3CA-BEDE79585766}"
EndProject
Project("{FAE04EC0-301F-11D3-BF4B-00C04F79EFBC}") = "GenerateCode", "SimpleClient\GenerateCode\GenerateCode.csproj", "{C1C20637-AFC0-4E29-A215-10E37FF3A8E8}"
EndProject
Project("{FAE04EC0-301F-11D3-BF4B-00C04F79EFBC}") = "UtilityLib", "CommonLibs\UtilityLib\UtilityLib.csproj", "{5A8965F5-F0C9-4D46-9706-3281CF3A2331}"
EndProject
Project("{FAE04EC0-301F-11D3-BF4B-00C04F79EFBC}") = "ApiLib", "SimpleClient\Libs\ApiLib\ApiLib.csproj", "{14ADF46B-3AFA-416B-954F-E1D7B118C12A}"
EndProject
Project("{FAE04EC0-301F-11D3-BF4B-00C04F79EFBC}") = "CryptoLib", "CommonLibs\CryptoLib\CryptoLib.csproj", "{63C87DC2-D8C2-4F54-8DC7-1CEA6637DC2E}"
EndProject
Project("{2150E333-8FDC-42A3-9474-1A3956D46DE8}") = "Tools", "Tools", "{2EFC2387-5D2A-45F4-BD82-614D4FA39782}"
EndProject
Project("{FAE04EC0-301F-11D3-BF4B-00C04F79EFBC}") = "RSAKeyGenerator", "Tools\RSAKeyGenerator\RSAKeyGenerator.csproj", "{3D54B060-27B6-4A80-825B-C0AA1D234D73}"
EndProject
Project("{2150E333-8FDC-42A3-9474-1A3956D46DE8}") = "Bin", "Bin", "{7E97F82A-3DEC-48AB-8D32-3EB63D26D1EF}"
EndProject
Project("{2150E333-8FDC-42A3-9474-1A3956D46DE8}") = "Data", "Data", "{99C65FAE-588C-4042-94A9-6EBD1ED04807}"
EndProject
Project("{2150E333-8FDC-42A3-9474-1A3956D46DE8}") = "Xml", "Xml", "{F938EDA4-5E84-4777-BFF4-BECA40A60FA2}"
	ProjectSection(SolutionItems) = preProject
		SimpleClient\Bin\Data\Xml\GateList.xml = SimpleClient\Bin\Data\Xml\GateList.xml
	EndProjectSection
EndProject
Project("{FAE04EC0-301F-11D3-BF4B-00C04F79EFBC}") = "TcpClientLib", "SimpleClient\Libs\TcpClientLib\TcpClientLib.csproj", "{8F4307E4-5E5C-40F3-862E-1F6801A87673}"
EndProject
Project("{2150E333-8FDC-42A3-9474-1A3956D46DE8}") = "Debug", "Debug", "{E928D32D-53E7-40B8-9C1F-846A776F2C47}"
	ProjectSection(SolutionItems) = preProject
		SimpleClient\Bin\Debug\ClientStart.bat = SimpleClient\Bin\Debug\ClientStart.bat
	EndProjectSection
EndProject
Project("{2150E333-8FDC-42A3-9474-1A3956D46DE8}") = "Key", "Key", "{FBC6F334-0A7B-408B-93A1-C0ADD8DCD0EB}"
	ProjectSection(SolutionItems) = preProject
		Bin\Data\Key\PrivateKey.key = Bin\Data\Key\PrivateKey.key
		Bin\Data\Key\PublicKey.key = Bin\Data\Key\PublicKey.key
	EndProjectSection
EndProject
Global
	GlobalSection(SolutionConfigurationPlatforms) = preSolution
		Debug|Any CPU = Debug|Any CPU
		Debug|Mixed Platforms = Debug|Mixed Platforms
		Debug|Win32 = Debug|Win32
		Release|Any CPU = Release|Any CPU
		Release|Mixed Platforms = Release|Mixed Platforms
		Release|Win32 = Release|Win32
	EndGlobalSection
	GlobalSection(ProjectConfigurationPlatforms) = postSolution
		{1398EB6D-826C-4AD5-9281-0F5ADDEDCD1B}.Debug|Any CPU.ActiveCfg = Debug|Any CPU
		{1398EB6D-826C-4AD5-9281-0F5ADDEDCD1B}.Debug|Any CPU.Build.0 = Debug|Any CPU
		{1398EB6D-826C-4AD5-9281-0F5ADDEDCD1B}.Debug|Mixed Platforms.ActiveCfg = Debug|Any CPU
		{1398EB6D-826C-4AD5-9281-0F5ADDEDCD1B}.Debug|Mixed Platforms.Build.0 = Debug|Any CPU
		{1398EB6D-826C-4AD5-9281-0F5ADDEDCD1B}.Debug|Win32.ActiveCfg = Debug|Any CPU
		{1398EB6D-826C-4AD5-9281-0F5ADDEDCD1B}.Release|Any CPU.ActiveCfg = Release|Any CPU
		{1398EB6D-826C-4AD5-9281-0F5ADDEDCD1B}.Release|Any CPU.Build.0 = Release|Any CPU
		{1398EB6D-826C-4AD5-9281-0F5ADDEDCD1B}.Release|Mixed Platforms.ActiveCfg = Release|Any CPU
		{1398EB6D-826C-4AD5-9281-0F5ADDEDCD1B}.Release|Mixed Platforms.Build.0 = Release|Any CPU
		{1398EB6D-826C-4AD5-9281-0F5ADDEDCD1B}.Release|Win32.ActiveCfg = Release|Any CPU
		{550722C5-A3CD-4E42-8E1D-9762AB1EAB13}.Debug|Any CPU.ActiveCfg = Debug|Any CPU
		{550722C5-A3CD-4E42-8E1D-9762AB1EAB13}.Debug|Any CPU.Build.0 = Debug|Any CPU
		{550722C5-A3CD-4E42-8E1D-9762AB1EAB13}.Debug|Mixed Platforms.ActiveCfg = Debug|Any CPU
		{550722C5-A3CD-4E42-8E1D-9762AB1EAB13}.Debug|Mixed Platforms.Build.0 = Debug|Any CPU
		{550722C5-A3CD-4E42-8E1D-9762AB1EAB13}.Debug|Win32.ActiveCfg = Debug|Any CPU
		{550722C5-A3CD-4E42-8E1D-9762AB1EAB13}.Debug|Win32.Build.0 = Debug|Any CPU
		{550722C5-A3CD-4E42-8E1D-9762AB1EAB13}.Release|Any CPU.ActiveCfg = Release|Any CPU
		{550722C5-A3CD-4E42-8E1D-9762AB1EAB13}.Release|Any CPU.Build.0 = Release|Any CPU
		{550722C5-A3CD-4E42-8E1D-9762AB1EAB13}.Release|Mixed Platforms.ActiveCfg = Release|Any CPU
		{550722C5-A3CD-4E42-8E1D-9762AB1EAB13}.Release|Mixed Platforms.Build.0 = Release|Any CPU
		{550722C5-A3CD-4E42-8E1D-9762AB1EAB13}.Release|Win32.ActiveCfg = Release|Any CPU
		{550722C5-A3CD-4E42-8E1D-9762AB1EAB13}.Release|Win32.Build.0 = Release|Any CPU
		{2F41665B-0C8D-424B-B73F-D7AD81C7D4A1}.Debug|Any CPU.ActiveCfg = Debug|Any CPU
		{2F41665B-0C8D-424B-B73F-D7AD81C7D4A1}.Debug|Any CPU.Build.0 = Debug|Any CPU
		{2F41665B-0C8D-424B-B73F-D7AD81C7D4A1}.Debug|Mixed Platforms.ActiveCfg = Debug|Any CPU
		{2F41665B-0C8D-424B-B73F-D7AD81C7D4A1}.Debug|Mixed Platforms.Build.0 = Debug|Any CPU
		{2F41665B-0C8D-424B-B73F-D7AD81C7D4A1}.Debug|Win32.ActiveCfg = Debug|Any CPU
		{2F41665B-0C8D-424B-B73F-D7AD81C7D4A1}.Debug|Win32.Build.0 = Debug|Any CPU
		{2F41665B-0C8D-424B-B73F-D7AD81C7D4A1}.Release|Any CPU.ActiveCfg = Release|Any CPU
		{2F41665B-0C8D-424B-B73F-D7AD81C7D4A1}.Release|Any CPU.Build.0 = Release|Any CPU
		{2F41665B-0C8D-424B-B73F-D7AD81C7D4A1}.Release|Mixed Platforms.ActiveCfg = Release|Any CPU
		{2F41665B-0C8D-424B-B73F-D7AD81C7D4A1}.Release|Mixed Platforms.Build.0 = Release|Any CPU
		{2F41665B-0C8D-424B-B73F-D7AD81C7D4A1}.Release|Win32.ActiveCfg = Release|Any CPU
		{2F41665B-0C8D-424B-B73F-D7AD81C7D4A1}.Release|Win32.Build.0 = Release|Any CPU
		{47AE13B1-3343-45E5-BCB4-3728995C1E95}.Debug|Any CPU.ActiveCfg = Debug|Any CPU
		{47AE13B1-3343-45E5-BCB4-3728995C1E95}.Debug|Any CPU.Build.0 = Debug|Any CPU
		{47AE13B1-3343-45E5-BCB4-3728995C1E95}.Debug|Mixed Platforms.ActiveCfg = Debug|Any CPU
		{47AE13B1-3343-45E5-BCB4-3728995C1E95}.Debug|Mixed Platforms.Build.0 = Debug|Any CPU
		{47AE13B1-3343-45E5-BCB4-3728995C1E95}.Debug|Win32.ActiveCfg = Debug|Any CPU
		{47AE13B1-3343-45E5-BCB4-3728995C1E95}.Debug|Win32.Build.0 = Debug|Any CPU
		{47AE13B1-3343-45E5-BCB4-3728995C1E95}.Release|Any CPU.ActiveCfg = Release|Any CPU
		{47AE13B1-3343-45E5-BCB4-3728995C1E95}.Release|Any CPU.Build.0 = Release|Any CPU
		{47AE13B1-3343-45E5-BCB4-3728995C1E95}.Release|Mixed Platforms.ActiveCfg = Release|Any CPU
		{47AE13B1-3343-45E5-BCB4-3728995C1E95}.Release|Mixed Platforms.Build.0 = Release|Any CPU
		{47AE13B1-3343-45E5-BCB4-3728995C1E95}.Release|Win32.ActiveCfg = Release|Any CPU
		{47AE13B1-3343-45E5-BCB4-3728995C1E95}.Release|Win32.Build.0 = Release|Any CPU
		{FAEBA880-AECE-48BF-9510-AF712A0BF80C}.Debug|Any CPU.ActiveCfg = Debug|Any CPU
		{FAEBA880-AECE-48BF-9510-AF712A0BF80C}.Debug|Any CPU.Build.0 = Debug|Any CPU
		{FAEBA880-AECE-48BF-9510-AF712A0BF80C}.Debug|Mixed Platforms.ActiveCfg = Debug|Any CPU
		{FAEBA880-AECE-48BF-9510-AF712A0BF80C}.Debug|Mixed Platforms.Build.0 = Debug|Any CPU
		{FAEBA880-AECE-48BF-9510-AF712A0BF80C}.Debug|Win32.ActiveCfg = Debug|Any CPU
		{FAEBA880-AECE-48BF-9510-AF712A0BF80C}.Debug|Win32.Build.0 = Debug|Any CPU
		{FAEBA880-AECE-48BF-9510-AF712A0BF80C}.Release|Any CPU.ActiveCfg = Release|Any CPU
		{FAEBA880-AECE-48BF-9510-AF712A0BF80C}.Release|Any CPU.Build.0 = Release|Any CPU
		{FAEBA880-AECE-48BF-9510-AF712A0BF80C}.Release|Mixed Platforms.ActiveCfg = Release|Any CPU
		{FAEBA880-AECE-48BF-9510-AF712A0BF80C}.Release|Mixed Platforms.Build.0 = Release|Any CPU
		{FAEBA880-AECE-48BF-9510-AF712A0BF80C}.Release|Win32.ActiveCfg = Release|Any CPU
		{FAEBA880-AECE-48BF-9510-AF712A0BF80C}.Release|Win32.Build.0 = Release|Any CPU
		{9C65EF35-4AC9-4E76-9A4D-15419DB6B9C7}.Debug|Any CPU.ActiveCfg = Debug|Win32
		{9C65EF35-4AC9-4E76-9A4D-15419DB6B9C7}.Debug|Mixed Platforms.ActiveCfg = Debug|Win32
		{9C65EF35-4AC9-4E76-9A4D-15419DB6B9C7}.Debug|Win32.ActiveCfg = Debug|Win32
		{9C65EF35-4AC9-4E76-9A4D-15419DB6B9C7}.Debug|Win32.Build.0 = Debug|Win32
		{9C65EF35-4AC9-4E76-9A4D-15419DB6B9C7}.Release|Any CPU.ActiveCfg = Release|Win32
		{9C65EF35-4AC9-4E76-9A4D-15419DB6B9C7}.Release|Mixed Platforms.ActiveCfg = Release|Win32
		{9C65EF35-4AC9-4E76-9A4D-15419DB6B9C7}.Release|Mixed Platforms.Build.0 = Release|Win32
		{9C65EF35-4AC9-4E76-9A4D-15419DB6B9C7}.Release|Win32.ActiveCfg = Release|Win32
		{9C65EF35-4AC9-4E76-9A4D-15419DB6B9C7}.Release|Win32.Build.0 = Release|Win32
		{D49CB2D4-4689-466A-98FC-FB1C6C02CFF4}.Debug|Any CPU.ActiveCfg = Debug|Win32
		{D49CB2D4-4689-466A-98FC-FB1C6C02CFF4}.Debug|Mixed Platforms.ActiveCfg = Debug|Win32
		{D49CB2D4-4689-466A-98FC-FB1C6C02CFF4}.Debug|Win32.ActiveCfg = Debug|Win32
		{D49CB2D4-4689-466A-98FC-FB1C6C02CFF4}.Debug|Win32.Build.0 = Debug|Win32
		{D49CB2D4-4689-466A-98FC-FB1C6C02CFF4}.Release|Any CPU.ActiveCfg = Release|Win32
		{D49CB2D4-4689-466A-98FC-FB1C6C02CFF4}.Release|Mixed Platforms.ActiveCfg = Release|Win32
		{D49CB2D4-4689-466A-98FC-FB1C6C02CFF4}.Release|Mixed Platforms.Build.0 = Release|Win32
		{D49CB2D4-4689-466A-98FC-FB1C6C02CFF4}.Release|Win32.ActiveCfg = Release|Win32
		{D49CB2D4-4689-466A-98FC-FB1C6C02CFF4}.Release|Win32.Build.0 = Release|Win32
		{105D609B-1A04-40FA-B684-F63E7DE0A508}.Debug|Any CPU.ActiveCfg = Debug|Any CPU
		{105D609B-1A04-40FA-B684-F63E7DE0A508}.Debug|Any CPU.Build.0 = Debug|Any CPU
		{105D609B-1A04-40FA-B684-F63E7DE0A508}.Debug|Mixed Platforms.ActiveCfg = Debug|Any CPU
		{105D609B-1A04-40FA-B684-F63E7DE0A508}.Debug|Mixed Platforms.Build.0 = Debug|Any CPU
		{105D609B-1A04-40FA-B684-F63E7DE0A508}.Debug|Win32.ActiveCfg = Debug|Any CPU
		{105D609B-1A04-40FA-B684-F63E7DE0A508}.Debug|Win32.Build.0 = Debug|Any CPU
		{105D609B-1A04-40FA-B684-F63E7DE0A508}.Release|Any CPU.ActiveCfg = Release|Any CPU
		{105D609B-1A04-40FA-B684-F63E7DE0A508}.Release|Any CPU.Build.0 = Release|Any CPU
		{105D609B-1A04-40FA-B684-F63E7DE0A508}.Release|Mixed Platforms.ActiveCfg = Release|Any CPU
		{105D609B-1A04-40FA-B684-F63E7DE0A508}.Release|Mixed Platforms.Build.0 = Release|Any CPU
		{105D609B-1A04-40FA-B684-F63E7DE0A508}.Release|Win32.ActiveCfg = Release|Any CPU
		{105D609B-1A04-40FA-B684-F63E7DE0A508}.Release|Win32.Build.0 = Release|Any CPU
		{94623506-6C6C-4A20-B93F-97BB1FD872DE}.Debug|Any CPU.ActiveCfg = Debug|Any CPU
		{94623506-6C6C-4A20-B93F-97BB1FD872DE}.Debug|Any CPU.Build.0 = Debug|Any CPU
		{94623506-6C6C-4A20-B93F-97BB1FD872DE}.Debug|Mixed Platforms.ActiveCfg = Debug|Any CPU
		{94623506-6C6C-4A20-B93F-97BB1FD872DE}.Debug|Mixed Platforms.Build.0 = Debug|Any CPU
		{94623506-6C6C-4A20-B93F-97BB1FD872DE}.Debug|Win32.ActiveCfg = Debug|Any CPU
		{94623506-6C6C-4A20-B93F-97BB1FD872DE}.Debug|Win32.Build.0 = Debug|Any CPU
		{94623506-6C6C-4A20-B93F-97BB1FD872DE}.Release|Any CPU.ActiveCfg = Release|Any CPU
		{94623506-6C6C-4A20-B93F-97BB1FD872DE}.Release|Any CPU.Build.0 = Release|Any CPU
		{94623506-6C6C-4A20-B93F-97BB1FD872DE}.Release|Mixed Platforms.ActiveCfg = Release|Any CPU
		{94623506-6C6C-4A20-B93F-97BB1FD872DE}.Release|Mixed Platforms.Build.0 = Release|Any CPU
		{94623506-6C6C-4A20-B93F-97BB1FD872DE}.Release|Win32.ActiveCfg = Release|Any CPU
		{94623506-6C6C-4A20-B93F-97BB1FD872DE}.Release|Win32.Build.0 = Release|Any CPU
		{3C6322AD-AA26-434F-BA7E-B4D7924B9BC7}.Debug|Any CPU.ActiveCfg = Debug|Any CPU
		{3C6322AD-AA26-434F-BA7E-B4D7924B9BC7}.Debug|Any CPU.Build.0 = Debug|Any CPU
		{3C6322AD-AA26-434F-BA7E-B4D7924B9BC7}.Debug|Mixed Platforms.ActiveCfg = Debug|Any CPU
		{3C6322AD-AA26-434F-BA7E-B4D7924B9BC7}.Debug|Mixed Platforms.Build.0 = Debug|Any CPU
		{3C6322AD-AA26-434F-BA7E-B4D7924B9BC7}.Debug|Win32.ActiveCfg = Debug|Any CPU
		{3C6322AD-AA26-434F-BA7E-B4D7924B9BC7}.Debug|Win32.Build.0 = Debug|Any CPU
		{3C6322AD-AA26-434F-BA7E-B4D7924B9BC7}.Release|Any CPU.ActiveCfg = Release|Any CPU
		{3C6322AD-AA26-434F-BA7E-B4D7924B9BC7}.Release|Any CPU.Build.0 = Release|Any CPU
		{3C6322AD-AA26-434F-BA7E-B4D7924B9BC7}.Release|Mixed Platforms.ActiveCfg = Release|Any CPU
		{3C6322AD-AA26-434F-BA7E-B4D7924B9BC7}.Release|Mixed Platforms.Build.0 = Release|Any CPU
		{3C6322AD-AA26-434F-BA7E-B4D7924B9BC7}.Release|Win32.ActiveCfg = Release|Any CPU
		{3C6322AD-AA26-434F-BA7E-B4D7924B9BC7}.Release|Win32.Build.0 = Release|Any CPU
		{1D2F39AC-9060-4127-A373-E6813981BADC}.Debug|Any CPU.ActiveCfg = Debug|Any CPU
		{1D2F39AC-9060-4127-A373-E6813981BADC}.Debug|Any CPU.Build.0 = Debug|Any CPU
		{1D2F39AC-9060-4127-A373-E6813981BADC}.Debug|Mixed Platforms.ActiveCfg = Debug|Any CPU
		{1D2F39AC-9060-4127-A373-E6813981BADC}.Debug|Mixed Platforms.Build.0 = Debug|Any CPU
		{1D2F39AC-9060-4127-A373-E6813981BADC}.Debug|Win32.ActiveCfg = Debug|Any CPU
		{1D2F39AC-9060-4127-A373-E6813981BADC}.Debug|Win32.Build.0 = Debug|Any CPU
		{1D2F39AC-9060-4127-A373-E6813981BADC}.Release|Any CPU.ActiveCfg = Release|Any CPU
		{1D2F39AC-9060-4127-A373-E6813981BADC}.Release|Any CPU.Build.0 = Release|Any CPU
		{1D2F39AC-9060-4127-A373-E6813981BADC}.Release|Mixed Platforms.ActiveCfg = Release|Any CPU
		{1D2F39AC-9060-4127-A373-E6813981BADC}.Release|Mixed Platforms.Build.0 = Release|Any CPU
		{1D2F39AC-9060-4127-A373-E6813981BADC}.Release|Win32.ActiveCfg = Release|Any CPU
		{1D2F39AC-9060-4127-A373-E6813981BADC}.Release|Win32.Build.0 = Release|Any CPU
		{41286DE1-1E05-460D-87CE-D3380BEBA77B}.Debug|Any CPU.ActiveCfg = Debug|Any CPU
		{41286DE1-1E05-460D-87CE-D3380BEBA77B}.Debug|Any CPU.Build.0 = Debug|Any CPU
		{41286DE1-1E05-460D-87CE-D3380BEBA77B}.Debug|Mixed Platforms.ActiveCfg = Debug|Any CPU
		{41286DE1-1E05-460D-87CE-D3380BEBA77B}.Debug|Mixed Platforms.Build.0 = Debug|Any CPU
		{41286DE1-1E05-460D-87CE-D3380BEBA77B}.Debug|Win32.ActiveCfg = Debug|Any CPU
		{41286DE1-1E05-460D-87CE-D3380BEBA77B}.Debug|Win32.Build.0 = Debug|Any CPU
		{41286DE1-1E05-460D-87CE-D3380BEBA77B}.Release|Any CPU.ActiveCfg = Release|Any CPU
		{41286DE1-1E05-460D-87CE-D3380BEBA77B}.Release|Any CPU.Build.0 = Release|Any CPU
		{41286DE1-1E05-460D-87CE-D3380BEBA77B}.Release|Mixed Platforms.ActiveCfg = Release|Any CPU
		{41286DE1-1E05-460D-87CE-D3380BEBA77B}.Release|Mixed Platforms.Build.0 = Release|Any CPU
		{41286DE1-1E05-460D-87CE-D3380BEBA77B}.Release|Win32.ActiveCfg = Release|Any CPU
		{41286DE1-1E05-460D-87CE-D3380BEBA77B}.Release|Win32.Build.0 = Release|Any CPU
		{1161A9DD-4B4E-4F0A-9382-D0938D36FEBA}.Debug|Any CPU.ActiveCfg = Debug|Any CPU
		{1161A9DD-4B4E-4F0A-9382-D0938D36FEBA}.Debug|Any CPU.Build.0 = Debug|Any CPU
		{1161A9DD-4B4E-4F0A-9382-D0938D36FEBA}.Debug|Mixed Platforms.ActiveCfg = Debug|Any CPU
		{1161A9DD-4B4E-4F0A-9382-D0938D36FEBA}.Debug|Mixed Platforms.Build.0 = Debug|Any CPU
		{1161A9DD-4B4E-4F0A-9382-D0938D36FEBA}.Debug|Win32.ActiveCfg = Debug|Any CPU
		{1161A9DD-4B4E-4F0A-9382-D0938D36FEBA}.Debug|Win32.Build.0 = Debug|Any CPU
		{1161A9DD-4B4E-4F0A-9382-D0938D36FEBA}.Release|Any CPU.ActiveCfg = Release|Any CPU
		{1161A9DD-4B4E-4F0A-9382-D0938D36FEBA}.Release|Any CPU.Build.0 = Release|Any CPU
		{1161A9DD-4B4E-4F0A-9382-D0938D36FEBA}.Release|Mixed Platforms.ActiveCfg = Release|Any CPU
		{1161A9DD-4B4E-4F0A-9382-D0938D36FEBA}.Release|Mixed Platforms.Build.0 = Release|Any CPU
		{1161A9DD-4B4E-4F0A-9382-D0938D36FEBA}.Release|Win32.ActiveCfg = Release|Any CPU
		{1161A9DD-4B4E-4F0A-9382-D0938D36FEBA}.Release|Win32.Build.0 = Release|Any CPU
		{8527C418-6BB1-4DD8-8244-97DADE836F22}.Debug|Any CPU.ActiveCfg = Debug|Any CPU
		{8527C418-6BB1-4DD8-8244-97DADE836F22}.Debug|Any CPU.Build.0 = Debug|Any CPU
		{8527C418-6BB1-4DD8-8244-97DADE836F22}.Debug|Mixed Platforms.ActiveCfg = Debug|Any CPU
		{8527C418-6BB1-4DD8-8244-97DADE836F22}.Debug|Mixed Platforms.Build.0 = Debug|Any CPU
		{8527C418-6BB1-4DD8-8244-97DADE836F22}.Debug|Win32.ActiveCfg = Debug|Any CPU
		{8527C418-6BB1-4DD8-8244-97DADE836F22}.Debug|Win32.Build.0 = Debug|Any CPU
		{8527C418-6BB1-4DD8-8244-97DADE836F22}.Release|Any CPU.ActiveCfg = Release|Any CPU
		{8527C418-6BB1-4DD8-8244-97DADE836F22}.Release|Any CPU.Build.0 = Release|Any CPU
		{8527C418-6BB1-4DD8-8244-97DADE836F22}.Release|Mixed Platforms.ActiveCfg = Release|Any CPU
		{8527C418-6BB1-4DD8-8244-97DADE836F22}.Release|Mixed Platforms.Build.0 = Release|Any CPU
		{8527C418-6BB1-4DD8-8244-97DADE836F22}.Release|Win32.ActiveCfg = Release|Any CPU
		{8527C418-6BB1-4DD8-8244-97DADE836F22}.Release|Win32.Build.0 = Release|Any CPU
		{455CF84C-300B-4B27-A29B-2FE3DE49FDCB}.Debug|Any CPU.ActiveCfg = Debug|Any CPU
		{455CF84C-300B-4B27-A29B-2FE3DE49FDCB}.Debug|Any CPU.Build.0 = Debug|Any CPU
		{455CF84C-300B-4B27-A29B-2FE3DE49FDCB}.Debug|Mixed Platforms.ActiveCfg = Debug|Any CPU
		{455CF84C-300B-4B27-A29B-2FE3DE49FDCB}.Debug|Mixed Platforms.Build.0 = Debug|Any CPU
		{455CF84C-300B-4B27-A29B-2FE3DE49FDCB}.Debug|Win32.ActiveCfg = Debug|Any CPU
		{455CF84C-300B-4B27-A29B-2FE3DE49FDCB}.Debug|Win32.Build.0 = Debug|Any CPU
		{455CF84C-300B-4B27-A29B-2FE3DE49FDCB}.Release|Any CPU.ActiveCfg = Release|Any CPU
		{455CF84C-300B-4B27-A29B-2FE3DE49FDCB}.Release|Any CPU.Build.0 = Release|Any CPU
		{455CF84C-300B-4B27-A29B-2FE3DE49FDCB}.Release|Mixed Platforms.ActiveCfg = Release|Any CPU
		{455CF84C-300B-4B27-A29B-2FE3DE49FDCB}.Release|Mixed Platforms.Build.0 = Release|Any CPU
		{455CF84C-300B-4B27-A29B-2FE3DE49FDCB}.Release|Win32.ActiveCfg = Release|Any CPU
		{455CF84C-300B-4B27-A29B-2FE3DE49FDCB}.Release|Win32.Build.0 = Release|Any CPU
		{BF8D6746-D28A-44CD-849D-C11BC34C2614}.Debug|Any CPU.ActiveCfg = Debug|Any CPU
		{BF8D6746-D28A-44CD-849D-C11BC34C2614}.Debug|Any CPU.Build.0 = Debug|Any CPU
		{BF8D6746-D28A-44CD-849D-C11BC34C2614}.Debug|Mixed Platforms.ActiveCfg = Debug|Any CPU
		{BF8D6746-D28A-44CD-849D-C11BC34C2614}.Debug|Mixed Platforms.Build.0 = Debug|Any CPU
		{BF8D6746-D28A-44CD-849D-C11BC34C2614}.Debug|Win32.ActiveCfg = Debug|Any CPU
		{BF8D6746-D28A-44CD-849D-C11BC34C2614}.Debug|Win32.Build.0 = Debug|Any CPU
		{BF8D6746-D28A-44CD-849D-C11BC34C2614}.Release|Any CPU.ActiveCfg = Release|Any CPU
		{BF8D6746-D28A-44CD-849D-C11BC34C2614}.Release|Any CPU.Build.0 = Release|Any CPU
		{BF8D6746-D28A-44CD-849D-C11BC34C2614}.Release|Mixed Platforms.ActiveCfg = Release|Any CPU
		{BF8D6746-D28A-44CD-849D-C11BC34C2614}.Release|Mixed Platforms.Build.0 = Release|Any CPU
		{BF8D6746-D28A-44CD-849D-C11BC34C2614}.Release|Win32.ActiveCfg = Release|Any CPU
		{BF8D6746-D28A-44CD-849D-C11BC34C2614}.Release|Win32.Build.0 = Release|Any CPU
		{E1B21CE4-3D1E-4093-B2AE-BB9722A7E4EF}.Debug|Any CPU.ActiveCfg = Debug|Any CPU
		{E1B21CE4-3D1E-4093-B2AE-BB9722A7E4EF}.Debug|Any CPU.Build.0 = Debug|Any CPU
		{E1B21CE4-3D1E-4093-B2AE-BB9722A7E4EF}.Debug|Mixed Platforms.ActiveCfg = Debug|Any CPU
		{E1B21CE4-3D1E-4093-B2AE-BB9722A7E4EF}.Debug|Mixed Platforms.Build.0 = Debug|Any CPU
		{E1B21CE4-3D1E-4093-B2AE-BB9722A7E4EF}.Debug|Win32.ActiveCfg = Debug|Any CPU
		{E1B21CE4-3D1E-4093-B2AE-BB9722A7E4EF}.Debug|Win32.Build.0 = Debug|Any CPU
		{E1B21CE4-3D1E-4093-B2AE-BB9722A7E4EF}.Release|Any CPU.ActiveCfg = Release|Any CPU
		{E1B21CE4-3D1E-4093-B2AE-BB9722A7E4EF}.Release|Any CPU.Build.0 = Release|Any CPU
		{E1B21CE4-3D1E-4093-B2AE-BB9722A7E4EF}.Release|Mixed Platforms.ActiveCfg = Release|Any CPU
		{E1B21CE4-3D1E-4093-B2AE-BB9722A7E4EF}.Release|Mixed Platforms.Build.0 = Release|Any CPU
		{E1B21CE4-3D1E-4093-B2AE-BB9722A7E4EF}.Release|Win32.ActiveCfg = Release|Any CPU
		{E1B21CE4-3D1E-4093-B2AE-BB9722A7E4EF}.Release|Win32.Build.0 = Release|Any CPU
		{0E440499-2F8F-4FE2-B4BC-B380F3094122}.Debug|Any CPU.ActiveCfg = Debug|Any CPU
		{0E440499-2F8F-4FE2-B4BC-B380F3094122}.Debug|Any CPU.Build.0 = Debug|Any CPU
		{0E440499-2F8F-4FE2-B4BC-B380F3094122}.Debug|Mixed Platforms.ActiveCfg = Debug|Any CPU
		{0E440499-2F8F-4FE2-B4BC-B380F3094122}.Debug|Mixed Platforms.Build.0 = Debug|Any CPU
		{0E440499-2F8F-4FE2-B4BC-B380F3094122}.Debug|Win32.ActiveCfg = Debug|Any CPU
		{0E440499-2F8F-4FE2-B4BC-B380F3094122}.Debug|Win32.Build.0 = Debug|Any CPU
		{0E440499-2F8F-4FE2-B4BC-B380F3094122}.Release|Any CPU.ActiveCfg = Release|Any CPU
		{0E440499-2F8F-4FE2-B4BC-B380F3094122}.Release|Any CPU.Build.0 = Release|Any CPU
		{0E440499-2F8F-4FE2-B4BC-B380F3094122}.Release|Mixed Platforms.ActiveCfg = Release|Any CPU
		{0E440499-2F8F-4FE2-B4BC-B380F3094122}.Release|Mixed Platforms.Build.0 = Release|Any CPU
		{0E440499-2F8F-4FE2-B4BC-B380F3094122}.Release|Win32.ActiveCfg = Release|Any CPU
		{0E440499-2F8F-4FE2-B4BC-B380F3094122}.Release|Win32.Build.0 = Release|Any CPU
		{1C117A44-23FB-46E4-8B45-231F4F458C16}.Debug|Any CPU.ActiveCfg = Debug|Any CPU
		{1C117A44-23FB-46E4-8B45-231F4F458C16}.Debug|Any CPU.Build.0 = Debug|Any CPU
		{1C117A44-23FB-46E4-8B45-231F4F458C16}.Debug|Mixed Platforms.ActiveCfg = Debug|Any CPU
		{1C117A44-23FB-46E4-8B45-231F4F458C16}.Debug|Mixed Platforms.Build.0 = Debug|Any CPU
		{1C117A44-23FB-46E4-8B45-231F4F458C16}.Debug|Win32.ActiveCfg = Debug|Any CPU
		{1C117A44-23FB-46E4-8B45-231F4F458C16}.Debug|Win32.Build.0 = Debug|Any CPU
		{1C117A44-23FB-46E4-8B45-231F4F458C16}.Release|Any CPU.ActiveCfg = Release|Any CPU
		{1C117A44-23FB-46E4-8B45-231F4F458C16}.Release|Any CPU.Build.0 = Release|Any CPU
		{1C117A44-23FB-46E4-8B45-231F4F458C16}.Release|Mixed Platforms.ActiveCfg = Release|Any CPU
		{1C117A44-23FB-46E4-8B45-231F4F458C16}.Release|Mixed Platforms.Build.0 = Release|Any CPU
		{1C117A44-23FB-46E4-8B45-231F4F458C16}.Release|Win32.ActiveCfg = Release|Any CPU
		{1C117A44-23FB-46E4-8B45-231F4F458C16}.Release|Win32.Build.0 = Release|Any CPU
		{AAC97ED0-E934-447D-9310-1747DA29CAAC}.Debug|Any CPU.ActiveCfg = Debug|Any CPU
		{AAC97ED0-E934-447D-9310-1747DA29CAAC}.Debug|Any CPU.Build.0 = Debug|Any CPU
		{AAC97ED0-E934-447D-9310-1747DA29CAAC}.Debug|Mixed Platforms.ActiveCfg = Debug|Any CPU
		{AAC97ED0-E934-447D-9310-1747DA29CAAC}.Debug|Mixed Platforms.Build.0 = Debug|Any CPU
		{AAC97ED0-E934-447D-9310-1747DA29CAAC}.Debug|Win32.ActiveCfg = Debug|Any CPU
		{AAC97ED0-E934-447D-9310-1747DA29CAAC}.Debug|Win32.Build.0 = Debug|Any CPU
		{AAC97ED0-E934-447D-9310-1747DA29CAAC}.Release|Any CPU.ActiveCfg = Release|Any CPU
		{AAC97ED0-E934-447D-9310-1747DA29CAAC}.Release|Any CPU.Build.0 = Release|Any CPU
		{AAC97ED0-E934-447D-9310-1747DA29CAAC}.Release|Mixed Platforms.ActiveCfg = Release|Any CPU
		{AAC97ED0-E934-447D-9310-1747DA29CAAC}.Release|Mixed Platforms.Build.0 = Release|Any CPU
		{AAC97ED0-E934-447D-9310-1747DA29CAAC}.Release|Win32.ActiveCfg = Release|Any CPU
		{AAC97ED0-E934-447D-9310-1747DA29CAAC}.Release|Win32.Build.0 = Release|Any CPU
		{A3940522-54F7-45E4-98FD-C0F64550DEE8}.Debug|Any CPU.ActiveCfg = Debug|Any CPU
		{A3940522-54F7-45E4-98FD-C0F64550DEE8}.Debug|Any CPU.Build.0 = Debug|Any CPU
		{A3940522-54F7-45E4-98FD-C0F64550DEE8}.Debug|Mixed Platforms.ActiveCfg = Debug|Any CPU
		{A3940522-54F7-45E4-98FD-C0F64550DEE8}.Debug|Mixed Platforms.Build.0 = Debug|Any CPU
		{A3940522-54F7-45E4-98FD-C0F64550DEE8}.Debug|Win32.ActiveCfg = Debug|Any CPU
		{A3940522-54F7-45E4-98FD-C0F64550DEE8}.Debug|Win32.Build.0 = Debug|Any CPU
		{A3940522-54F7-45E4-98FD-C0F64550DEE8}.Release|Any CPU.ActiveCfg = Release|Any CPU
		{A3940522-54F7-45E4-98FD-C0F64550DEE8}.Release|Any CPU.Build.0 = Release|Any CPU
		{A3940522-54F7-45E4-98FD-C0F64550DEE8}.Release|Mixed Platforms.ActiveCfg = Release|Any CPU
		{A3940522-54F7-45E4-98FD-C0F64550DEE8}.Release|Mixed Platforms.Build.0 = Release|Any CPU
		{A3940522-54F7-45E4-98FD-C0F64550DEE8}.Release|Win32.ActiveCfg = Release|Any CPU
		{A3940522-54F7-45E4-98FD-C0F64550DEE8}.Release|Win32.Build.0 = Release|Any CPU
		{D1B0C962-4A3A-4D54-A173-1FEAC1F5433E}.Debug|Any CPU.ActiveCfg = Debug|Any CPU
		{D1B0C962-4A3A-4D54-A173-1FEAC1F5433E}.Debug|Any CPU.Build.0 = Debug|Any CPU
		{D1B0C962-4A3A-4D54-A173-1FEAC1F5433E}.Debug|Mixed Platforms.ActiveCfg = Debug|Any CPU
		{D1B0C962-4A3A-4D54-A173-1FEAC1F5433E}.Debug|Mixed Platforms.Build.0 = Debug|Any CPU
		{D1B0C962-4A3A-4D54-A173-1FEAC1F5433E}.Debug|Win32.ActiveCfg = Debug|Any CPU
		{D1B0C962-4A3A-4D54-A173-1FEAC1F5433E}.Debug|Win32.Build.0 = Debug|Any CPU
		{D1B0C962-4A3A-4D54-A173-1FEAC1F5433E}.Release|Any CPU.ActiveCfg = Release|Any CPU
		{D1B0C962-4A3A-4D54-A173-1FEAC1F5433E}.Release|Any CPU.Build.0 = Release|Any CPU
		{D1B0C962-4A3A-4D54-A173-1FEAC1F5433E}.Release|Mixed Platforms.ActiveCfg = Release|Any CPU
		{D1B0C962-4A3A-4D54-A173-1FEAC1F5433E}.Release|Mixed Platforms.Build.0 = Release|Any CPU
		{D1B0C962-4A3A-4D54-A173-1FEAC1F5433E}.Release|Win32.ActiveCfg = Release|Any CPU
		{D1B0C962-4A3A-4D54-A173-1FEAC1F5433E}.Release|Win32.Build.0 = Release|Any CPU
		{F3ED8797-E136-409D-BE6D-659AA83E7835}.Debug|Any CPU.ActiveCfg = Debug|Any CPU
		{F3ED8797-E136-409D-BE6D-659AA83E7835}.Debug|Any CPU.Build.0 = Debug|Any CPU
		{F3ED8797-E136-409D-BE6D-659AA83E7835}.Debug|Mixed Platforms.ActiveCfg = Debug|Any CPU
		{F3ED8797-E136-409D-BE6D-659AA83E7835}.Debug|Mixed Platforms.Build.0 = Debug|Any CPU
		{F3ED8797-E136-409D-BE6D-659AA83E7835}.Debug|Win32.ActiveCfg = Debug|Any CPU
		{F3ED8797-E136-409D-BE6D-659AA83E7835}.Debug|Win32.Build.0 = Debug|Any CPU
		{F3ED8797-E136-409D-BE6D-659AA83E7835}.Release|Any CPU.ActiveCfg = Release|Any CPU
		{F3ED8797-E136-409D-BE6D-659AA83E7835}.Release|Any CPU.Build.0 = Release|Any CPU
		{F3ED8797-E136-409D-BE6D-659AA83E7835}.Release|Mixed Platforms.ActiveCfg = Release|Any CPU
		{F3ED8797-E136-409D-BE6D-659AA83E7835}.Release|Mixed Platforms.Build.0 = Release|Any CPU
		{F3ED8797-E136-409D-BE6D-659AA83E7835}.Release|Win32.ActiveCfg = Release|Any CPU
		{F3ED8797-E136-409D-BE6D-659AA83E7835}.Release|Win32.Build.0 = Release|Any CPU
		{E3282A2A-3DDA-44D5-A88C-3CCA19A49343}.Debug|Any CPU.ActiveCfg = Debug|Any CPU
		{E3282A2A-3DDA-44D5-A88C-3CCA19A49343}.Debug|Any CPU.Build.0 = Debug|Any CPU
		{E3282A2A-3DDA-44D5-A88C-3CCA19A49343}.Debug|Mixed Platforms.ActiveCfg = Debug|Any CPU
		{E3282A2A-3DDA-44D5-A88C-3CCA19A49343}.Debug|Mixed Platforms.Build.0 = Debug|Any CPU
		{E3282A2A-3DDA-44D5-A88C-3CCA19A49343}.Debug|Win32.ActiveCfg = Debug|Any CPU
		{E3282A2A-3DDA-44D5-A88C-3CCA19A49343}.Debug|Win32.Build.0 = Debug|Any CPU
		{E3282A2A-3DDA-44D5-A88C-3CCA19A49343}.Release|Any CPU.ActiveCfg = Release|Any CPU
		{E3282A2A-3DDA-44D5-A88C-3CCA19A49343}.Release|Any CPU.Build.0 = Release|Any CPU
		{E3282A2A-3DDA-44D5-A88C-3CCA19A49343}.Release|Mixed Platforms.ActiveCfg = Release|Any CPU
		{E3282A2A-3DDA-44D5-A88C-3CCA19A49343}.Release|Mixed Platforms.Build.0 = Release|Any CPU
		{E3282A2A-3DDA-44D5-A88C-3CCA19A49343}.Release|Win32.ActiveCfg = Release|Any CPU
		{E3282A2A-3DDA-44D5-A88C-3CCA19A49343}.Release|Win32.Build.0 = Release|Any CPU
		{486E6984-DC21-4E22-8C64-AE904423DA9A}.Debug|Any CPU.ActiveCfg = Debug|Any CPU
		{486E6984-DC21-4E22-8C64-AE904423DA9A}.Debug|Any CPU.Build.0 = Debug|Any CPU
		{486E6984-DC21-4E22-8C64-AE904423DA9A}.Debug|Mixed Platforms.ActiveCfg = Debug|Any CPU
		{486E6984-DC21-4E22-8C64-AE904423DA9A}.Debug|Mixed Platforms.Build.0 = Debug|Any CPU
		{486E6984-DC21-4E22-8C64-AE904423DA9A}.Debug|Win32.ActiveCfg = Debug|Any CPU
		{486E6984-DC21-4E22-8C64-AE904423DA9A}.Debug|Win32.Build.0 = Debug|Any CPU
		{486E6984-DC21-4E22-8C64-AE904423DA9A}.Release|Any CPU.ActiveCfg = Release|Any CPU
		{486E6984-DC21-4E22-8C64-AE904423DA9A}.Release|Any CPU.Build.0 = Release|Any CPU
		{486E6984-DC21-4E22-8C64-AE904423DA9A}.Release|Mixed Platforms.ActiveCfg = Release|Any CPU
		{486E6984-DC21-4E22-8C64-AE904423DA9A}.Release|Mixed Platforms.Build.0 = Release|Any CPU
		{486E6984-DC21-4E22-8C64-AE904423DA9A}.Release|Win32.ActiveCfg = Release|Any CPU
		{486E6984-DC21-4E22-8C64-AE904423DA9A}.Release|Win32.Build.0 = Release|Any CPU
		{8E70AC1C-7DB3-40B0-915B-F3B8FBCACE88}.Debug|Any CPU.ActiveCfg = Debug|Any CPU
		{8E70AC1C-7DB3-40B0-915B-F3B8FBCACE88}.Debug|Any CPU.Build.0 = Debug|Any CPU
		{8E70AC1C-7DB3-40B0-915B-F3B8FBCACE88}.Debug|Mixed Platforms.ActiveCfg = Debug|Any CPU
		{8E70AC1C-7DB3-40B0-915B-F3B8FBCACE88}.Debug|Mixed Platforms.Build.0 = Debug|Any CPU
		{8E70AC1C-7DB3-40B0-915B-F3B8FBCACE88}.Debug|Win32.ActiveCfg = Debug|Any CPU
		{8E70AC1C-7DB3-40B0-915B-F3B8FBCACE88}.Debug|Win32.Build.0 = Debug|Any CPU
		{8E70AC1C-7DB3-40B0-915B-F3B8FBCACE88}.Release|Any CPU.ActiveCfg = Release|Any CPU
		{8E70AC1C-7DB3-40B0-915B-F3B8FBCACE88}.Release|Any CPU.Build.0 = Release|Any CPU
		{8E70AC1C-7DB3-40B0-915B-F3B8FBCACE88}.Release|Mixed Platforms.ActiveCfg = Release|Any CPU
		{8E70AC1C-7DB3-40B0-915B-F3B8FBCACE88}.Release|Mixed Platforms.Build.0 = Release|Any CPU
		{8E70AC1C-7DB3-40B0-915B-F3B8FBCACE88}.Release|Win32.ActiveCfg = Release|Any CPU
		{8E70AC1C-7DB3-40B0-915B-F3B8FBCACE88}.Release|Win32.Build.0 = Release|Any CPU
		{D0C97B29-C5AB-4ECB-A3CA-BEDE79585766}.Debug|Any CPU.ActiveCfg = Debug|Any CPU
		{D0C97B29-C5AB-4ECB-A3CA-BEDE79585766}.Debug|Any CPU.Build.0 = Debug|Any CPU
		{D0C97B29-C5AB-4ECB-A3CA-BEDE79585766}.Debug|Mixed Platforms.ActiveCfg = Debug|Any CPU
		{D0C97B29-C5AB-4ECB-A3CA-BEDE79585766}.Debug|Mixed Platforms.Build.0 = Debug|Any CPU
		{D0C97B29-C5AB-4ECB-A3CA-BEDE79585766}.Debug|Win32.ActiveCfg = Debug|Any CPU
		{D0C97B29-C5AB-4ECB-A3CA-BEDE79585766}.Debug|Win32.Build.0 = Debug|Any CPU
		{D0C97B29-C5AB-4ECB-A3CA-BEDE79585766}.Release|Any CPU.ActiveCfg = Release|Any CPU
		{D0C97B29-C5AB-4ECB-A3CA-BEDE79585766}.Release|Any CPU.Build.0 = Release|Any CPU
		{D0C97B29-C5AB-4ECB-A3CA-BEDE79585766}.Release|Mixed Platforms.ActiveCfg = Release|Any CPU
		{D0C97B29-C5AB-4ECB-A3CA-BEDE79585766}.Release|Mixed Platforms.Build.0 = Release|Any CPU
		{D0C97B29-C5AB-4ECB-A3CA-BEDE79585766}.Release|Win32.ActiveCfg = Release|Any CPU
		{D0C97B29-C5AB-4ECB-A3CA-BEDE79585766}.Release|Win32.Build.0 = Release|Any CPU
		{C1C20637-AFC0-4E29-A215-10E37FF3A8E8}.Debug|Any CPU.ActiveCfg = Debug|Any CPU
		{C1C20637-AFC0-4E29-A215-10E37FF3A8E8}.Debug|Any CPU.Build.0 = Debug|Any CPU
		{C1C20637-AFC0-4E29-A215-10E37FF3A8E8}.Debug|Mixed Platforms.ActiveCfg = Debug|Any CPU
		{C1C20637-AFC0-4E29-A215-10E37FF3A8E8}.Debug|Mixed Platforms.Build.0 = Debug|Any CPU
		{C1C20637-AFC0-4E29-A215-10E37FF3A8E8}.Debug|Win32.ActiveCfg = Debug|Any CPU
		{C1C20637-AFC0-4E29-A215-10E37FF3A8E8}.Debug|Win32.Build.0 = Debug|Any CPU
		{C1C20637-AFC0-4E29-A215-10E37FF3A8E8}.Release|Any CPU.ActiveCfg = Release|Any CPU
		{C1C20637-AFC0-4E29-A215-10E37FF3A8E8}.Release|Any CPU.Build.0 = Release|Any CPU
		{C1C20637-AFC0-4E29-A215-10E37FF3A8E8}.Release|Mixed Platforms.ActiveCfg = Release|Any CPU
		{C1C20637-AFC0-4E29-A215-10E37FF3A8E8}.Release|Mixed Platforms.Build.0 = Release|Any CPU
		{C1C20637-AFC0-4E29-A215-10E37FF3A8E8}.Release|Win32.ActiveCfg = Release|Any CPU
		{C1C20637-AFC0-4E29-A215-10E37FF3A8E8}.Release|Win32.Build.0 = Release|Any CPU
		{5A8965F5-F0C9-4D46-9706-3281CF3A2331}.Debug|Any CPU.ActiveCfg = Debug|Any CPU
		{5A8965F5-F0C9-4D46-9706-3281CF3A2331}.Debug|Any CPU.Build.0 = Debug|Any CPU
		{5A8965F5-F0C9-4D46-9706-3281CF3A2331}.Debug|Mixed Platforms.ActiveCfg = Debug|Any CPU
		{5A8965F5-F0C9-4D46-9706-3281CF3A2331}.Debug|Mixed Platforms.Build.0 = Debug|Any CPU
		{5A8965F5-F0C9-4D46-9706-3281CF3A2331}.Debug|Win32.ActiveCfg = Debug|Any CPU
		{5A8965F5-F0C9-4D46-9706-3281CF3A2331}.Debug|Win32.Build.0 = Debug|Any CPU
		{5A8965F5-F0C9-4D46-9706-3281CF3A2331}.Release|Any CPU.ActiveCfg = Release|Any CPU
		{5A8965F5-F0C9-4D46-9706-3281CF3A2331}.Release|Any CPU.Build.0 = Release|Any CPU
		{5A8965F5-F0C9-4D46-9706-3281CF3A2331}.Release|Mixed Platforms.ActiveCfg = Release|Any CPU
		{5A8965F5-F0C9-4D46-9706-3281CF3A2331}.Release|Mixed Platforms.Build.0 = Release|Any CPU
		{5A8965F5-F0C9-4D46-9706-3281CF3A2331}.Release|Win32.ActiveCfg = Release|Any CPU
		{5A8965F5-F0C9-4D46-9706-3281CF3A2331}.Release|Win32.Build.0 = Release|Any CPU
		{14ADF46B-3AFA-416B-954F-E1D7B118C12A}.Debug|Any CPU.ActiveCfg = Debug|Any CPU
		{14ADF46B-3AFA-416B-954F-E1D7B118C12A}.Debug|Any CPU.Build.0 = Debug|Any CPU
		{14ADF46B-3AFA-416B-954F-E1D7B118C12A}.Debug|Mixed Platforms.ActiveCfg = Debug|Any CPU
		{14ADF46B-3AFA-416B-954F-E1D7B118C12A}.Debug|Mixed Platforms.Build.0 = Debug|Any CPU
		{14ADF46B-3AFA-416B-954F-E1D7B118C12A}.Debug|Win32.ActiveCfg = Debug|Any CPU
		{14ADF46B-3AFA-416B-954F-E1D7B118C12A}.Debug|Win32.Build.0 = Debug|Any CPU
		{14ADF46B-3AFA-416B-954F-E1D7B118C12A}.Release|Any CPU.ActiveCfg = Release|Any CPU
		{14ADF46B-3AFA-416B-954F-E1D7B118C12A}.Release|Any CPU.Build.0 = Release|Any CPU
		{14ADF46B-3AFA-416B-954F-E1D7B118C12A}.Release|Mixed Platforms.ActiveCfg = Release|Any CPU
		{14ADF46B-3AFA-416B-954F-E1D7B118C12A}.Release|Mixed Platforms.Build.0 = Release|Any CPU
		{14ADF46B-3AFA-416B-954F-E1D7B118C12A}.Release|Win32.ActiveCfg = Release|Any CPU
		{14ADF46B-3AFA-416B-954F-E1D7B118C12A}.Release|Win32.Build.0 = Release|Any CPU
		{63C87DC2-D8C2-4F54-8DC7-1CEA6637DC2E}.Debug|Any CPU.ActiveCfg = Debug|Any CPU
		{63C87DC2-D8C2-4F54-8DC7-1CEA6637DC2E}.Debug|Any CPU.Build.0 = Debug|Any CPU
		{63C87DC2-D8C2-4F54-8DC7-1CEA6637DC2E}.Debug|Mixed Platforms.ActiveCfg = Debug|Any CPU
		{63C87DC2-D8C2-4F54-8DC7-1CEA6637DC2E}.Debug|Mixed Platforms.Build.0 = Debug|Any CPU
		{63C87DC2-D8C2-4F54-8DC7-1CEA6637DC2E}.Debug|Win32.ActiveCfg = Debug|Any CPU
		{63C87DC2-D8C2-4F54-8DC7-1CEA6637DC2E}.Debug|Win32.Build.0 = Debug|Any CPU
		{63C87DC2-D8C2-4F54-8DC7-1CEA6637DC2E}.Release|Any CPU.ActiveCfg = Release|Any CPU
		{63C87DC2-D8C2-4F54-8DC7-1CEA6637DC2E}.Release|Any CPU.Build.0 = Release|Any CPU
		{63C87DC2-D8C2-4F54-8DC7-1CEA6637DC2E}.Release|Mixed Platforms.ActiveCfg = Release|Any CPU
		{63C87DC2-D8C2-4F54-8DC7-1CEA6637DC2E}.Release|Mixed Platforms.Build.0 = Release|Any CPU
		{63C87DC2-D8C2-4F54-8DC7-1CEA6637DC2E}.Release|Win32.ActiveCfg = Release|Any CPU
		{63C87DC2-D8C2-4F54-8DC7-1CEA6637DC2E}.Release|Win32.Build.0 = Release|Any CPU
		{3D54B060-27B6-4A80-825B-C0AA1D234D73}.Debug|Any CPU.ActiveCfg = Debug|Any CPU
		{3D54B060-27B6-4A80-825B-C0AA1D234D73}.Debug|Any CPU.Build.0 = Debug|Any CPU
		{3D54B060-27B6-4A80-825B-C0AA1D234D73}.Debug|Mixed Platforms.ActiveCfg = Debug|Any CPU
		{3D54B060-27B6-4A80-825B-C0AA1D234D73}.Debug|Mixed Platforms.Build.0 = Debug|Any CPU
		{3D54B060-27B6-4A80-825B-C0AA1D234D73}.Debug|Win32.ActiveCfg = Debug|Any CPU
		{3D54B060-27B6-4A80-825B-C0AA1D234D73}.Debug|Win32.Build.0 = Debug|Any CPU
		{3D54B060-27B6-4A80-825B-C0AA1D234D73}.Release|Any CPU.ActiveCfg = Release|Any CPU
		{3D54B060-27B6-4A80-825B-C0AA1D234D73}.Release|Any CPU.Build.0 = Release|Any CPU
		{3D54B060-27B6-4A80-825B-C0AA1D234D73}.Release|Mixed Platforms.ActiveCfg = Release|Any CPU
		{3D54B060-27B6-4A80-825B-C0AA1D234D73}.Release|Mixed Platforms.Build.0 = Release|Any CPU
		{3D54B060-27B6-4A80-825B-C0AA1D234D73}.Release|Win32.ActiveCfg = Release|Any CPU
		{3D54B060-27B6-4A80-825B-C0AA1D234D73}.Release|Win32.Build.0 = Release|Any CPU
		{8F4307E4-5E5C-40F3-862E-1F6801A87673}.Debug|Any CPU.ActiveCfg = Debug|Any CPU
		{8F4307E4-5E5C-40F3-862E-1F6801A87673}.Debug|Any CPU.Build.0 = Debug|Any CPU
		{8F4307E4-5E5C-40F3-862E-1F6801A87673}.Debug|Mixed Platforms.ActiveCfg = Debug|Any CPU
		{8F4307E4-5E5C-40F3-862E-1F6801A87673}.Debug|Mixed Platforms.Build.0 = Debug|Any CPU
		{8F4307E4-5E5C-40F3-862E-1F6801A87673}.Debug|Win32.ActiveCfg = Debug|Any CPU
		{8F4307E4-5E5C-40F3-862E-1F6801A87673}.Debug|Win32.Build.0 = Debug|Any CPU
		{8F4307E4-5E5C-40F3-862E-1F6801A87673}.Release|Any CPU.ActiveCfg = Release|Any CPU
		{8F4307E4-5E5C-40F3-862E-1F6801A87673}.Release|Any CPU.Build.0 = Release|Any CPU
		{8F4307E4-5E5C-40F3-862E-1F6801A87673}.Release|Mixed Platforms.ActiveCfg = Release|Any CPU
		{8F4307E4-5E5C-40F3-862E-1F6801A87673}.Release|Mixed Platforms.Build.0 = Release|Any CPU
		{8F4307E4-5E5C-40F3-862E-1F6801A87673}.Release|Win32.ActiveCfg = Release|Any CPU
		{8F4307E4-5E5C-40F3-862E-1F6801A87673}.Release|Win32.Build.0 = Release|Any CPU
	EndGlobalSection
	GlobalSection(SolutionProperties) = preSolution
		HideSolutionNode = FALSE
	EndGlobalSection
	GlobalSection(NestedProjects) = preSolution
		{57F153B5-21FE-4D91-9586-D5CB96BB8B97} = {77A1B431-E5FF-45B6-8D01-F95345D39540}
		{550722C5-A3CD-4E42-8E1D-9762AB1EAB13} = {BEB26E75-7033-4A75-B1A5-EC56B1F84F4A}
		{2F41665B-0C8D-424B-B73F-D7AD81C7D4A1} = {BEB26E75-7033-4A75-B1A5-EC56B1F84F4A}
		{47AE13B1-3343-45E5-BCB4-3728995C1E95} = {BEB26E75-7033-4A75-B1A5-EC56B1F84F4A}
		{FAEBA880-AECE-48BF-9510-AF712A0BF80C} = {BEB26E75-7033-4A75-B1A5-EC56B1F84F4A}
		{9C65EF35-4AC9-4E76-9A4D-15419DB6B9C7} = {B1F27998-2383-457A-AE93-810558F4FC44}
		{D49CB2D4-4689-466A-98FC-FB1C6C02CFF4} = {B1F27998-2383-457A-AE93-810558F4FC44}
		{105D609B-1A04-40FA-B684-F63E7DE0A508} = {B1F27998-2383-457A-AE93-810558F4FC44}
		{94623506-6C6C-4A20-B93F-97BB1FD872DE} = {B1F27998-2383-457A-AE93-810558F4FC44}
		{3C6322AD-AA26-434F-BA7E-B4D7924B9BC7} = {BEB26E75-7033-4A75-B1A5-EC56B1F84F4A}
		{DDE5441D-B4CA-4F5D-96AD-2D3D23BE4F60} = {77A1B431-E5FF-45B6-8D01-F95345D39540}
		{1D2F39AC-9060-4127-A373-E6813981BADC} = {DDE5441D-B4CA-4F5D-96AD-2D3D23BE4F60}
		{41286DE1-1E05-460D-87CE-D3380BEBA77B} = {DDE5441D-B4CA-4F5D-96AD-2D3D23BE4F60}
		{1161A9DD-4B4E-4F0A-9382-D0938D36FEBA} = {DDE5441D-B4CA-4F5D-96AD-2D3D23BE4F60}
		{8527C418-6BB1-4DD8-8244-97DADE836F22} = {57F153B5-21FE-4D91-9586-D5CB96BB8B97}
		{455CF84C-300B-4B27-A29B-2FE3DE49FDCB} = {57F153B5-21FE-4D91-9586-D5CB96BB8B97}
		{BF8D6746-D28A-44CD-849D-C11BC34C2614} = {57F153B5-21FE-4D91-9586-D5CB96BB8B97}
		{E1B21CE4-3D1E-4093-B2AE-BB9722A7E4EF} = {DDE5441D-B4CA-4F5D-96AD-2D3D23BE4F60}
		{0E440499-2F8F-4FE2-B4BC-B380F3094122} = {DDE5441D-B4CA-4F5D-96AD-2D3D23BE4F60}
		{1C117A44-23FB-46E4-8B45-231F4F458C16} = {57F153B5-21FE-4D91-9586-D5CB96BB8B97}
		{AAC97ED0-E934-447D-9310-1747DA29CAAC} = {57F153B5-21FE-4D91-9586-D5CB96BB8B97}
		{A3940522-54F7-45E4-98FD-C0F64550DEE8} = {BEB26E75-7033-4A75-B1A5-EC56B1F84F4A}
		{D1B0C962-4A3A-4D54-A173-1FEAC1F5433E} = {DDE5441D-B4CA-4F5D-96AD-2D3D23BE4F60}
		{F3ED8797-E136-409D-BE6D-659AA83E7835} = {57F153B5-21FE-4D91-9586-D5CB96BB8B97}
		{E3282A2A-3DDA-44D5-A88C-3CCA19A49343} = {3124CEF5-C9A3-4DB6-8692-1F00539E74A3}
		{486E6984-DC21-4E22-8C64-AE904423DA9A} = {3124CEF5-C9A3-4DB6-8692-1F00539E74A3}
		{66CF9872-7234-475A-A833-5E915739A260} = {843CA0C8-61F0-4D1F-AB6A-70F17BF059D4}
		{7CDC0FE6-360E-4AB6-AE00-9BD9E8434F17} = {66CF9872-7234-475A-A833-5E915739A260}
		{3F738300-ED33-4558-9862-1FB26AA29EDE} = {843CA0C8-61F0-4D1F-AB6A-70F17BF059D4}
		{67C86B9F-A126-4A5D-8D30-F1850F62394F} = {843CA0C8-61F0-4D1F-AB6A-70F17BF059D4}
		{8E70AC1C-7DB3-40B0-915B-F3B8FBCACE88} = {3124CEF5-C9A3-4DB6-8692-1F00539E74A3}
		{D0C97B29-C5AB-4ECB-A3CA-BEDE79585766} = {3124CEF5-C9A3-4DB6-8692-1F00539E74A3}
		{C1C20637-AFC0-4E29-A215-10E37FF3A8E8} = {3124CEF5-C9A3-4DB6-8692-1F00539E74A3}
		{5A8965F5-F0C9-4D46-9706-3281CF3A2331} = {BEB26E75-7033-4A75-B1A5-EC56B1F84F4A}
		{14ADF46B-3AFA-416B-954F-E1D7B118C12A} = {3124CEF5-C9A3-4DB6-8692-1F00539E74A3}
		{63C87DC2-D8C2-4F54-8DC7-1CEA6637DC2E} = {BEB26E75-7033-4A75-B1A5-EC56B1F84F4A}
		{3D54B060-27B6-4A80-825B-C0AA1D234D73} = {2EFC2387-5D2A-45F4-BD82-614D4FA39782}
		{7E97F82A-3DEC-48AB-8D32-3EB63D26D1EF} = {3124CEF5-C9A3-4DB6-8692-1F00539E74A3}
		{99C65FAE-588C-4042-94A9-6EBD1ED04807} = {7E97F82A-3DEC-48AB-8D32-3EB63D26D1EF}
		{F938EDA4-5E84-4777-BFF4-BECA40A60FA2} = {99C65FAE-588C-4042-94A9-6EBD1ED04807}
		{8F4307E4-5E5C-40F3-862E-1F6801A87673} = {3124CEF5-C9A3-4DB6-8692-1F00539E74A3}
		{E928D32D-53E7-40B8-9C1F-846A776F2C47} = {7E97F82A-3DEC-48AB-8D32-3EB63D26D1EF}
		{FBC6F334-0A7B-408B-93A1-C0ADD8DCD0EB} = {66CF9872-7234-475A-A833-5E915739A260}
	EndGlobalSection
	GlobalSection(ExtensibilityGlobals) = postSolution
		SolutionGuid = {CB6EA2E6-5D6A-4936-9BCA-75F12AA85630}
	EndGlobalSection
EndGlobal
