<?xml version="1.0" encoding="utf-8"?>
<Project ToolsVersion="4.0" xmlns="http://schemas.microsoft.com/developer/msbuild/2003">
  <ItemGroup>
    <Filter Include="A">
      <UniqueIdentifier>{8cc9bde0-9a4b-4be2-b41d-4935f8f7807e}</UniqueIdentifier>
    </Filter>
  </ItemGroup>
  <ItemGroup>
    <CustomBuild Include="A\A2B.Code">
      <Filter>A</Filter>
    </CustomBuild>
  </ItemGroup>
</Project>